// !$*UTF8*$!
{
	archiveVersion = 1;
	classes = {
	};
	objectVersion = 55;
	objects = {

/* Begin PBXBuildFile section */
		920808262848CB74002E88DA /* PhotoCollectionVC.swift in Sources */ = {isa = PBXBuildFile; fileRef = 920808252848CB74002E88DA /* PhotoCollectionVC.swift */; };
		920808272848CB74002E88DA /* PhotoCollectionVC.swift in Sources */ = {isa = PBXBuildFile; fileRef = 920808252848CB74002E88DA /* PhotoCollectionVC.swift */; };
		920808282848CB74002E88DA /* PhotoCollectionVC.swift in Sources */ = {isa = PBXBuildFile; fileRef = 920808252848CB74002E88DA /* PhotoCollectionVC.swift */; };
		9213276B28564BA4000E782E /* PhotoListRequest.swift in Sources */ = {isa = PBXBuildFile; fileRef = 9213276A28564BA4000E782E /* PhotoListRequest.swift */; };
		9213276C28564BA4000E782E /* PhotoListRequest.swift in Sources */ = {isa = PBXBuildFile; fileRef = 9213276A28564BA4000E782E /* PhotoListRequest.swift */; };
		9213276D28564BA4000E782E /* PhotoListRequest.swift in Sources */ = {isa = PBXBuildFile; fileRef = 9213276A28564BA4000E782E /* PhotoListRequest.swift */; };
		922720AC2848B4AE0027E003 /* AppDelegate.swift in Sources */ = {isa = PBXBuildFile; fileRef = 922720AB2848B4AE0027E003 /* AppDelegate.swift */; };
		922720AE2848B4AE0027E003 /* SceneDelegate.swift in Sources */ = {isa = PBXBuildFile; fileRef = 922720AD2848B4AE0027E003 /* SceneDelegate.swift */; };
		922720B32848B4AE0027E003 /* Main.storyboard in Resources */ = {isa = PBXBuildFile; fileRef = 922720B12848B4AE0027E003 /* Main.storyboard */; };
		922720B62848B4AE0027E003 /* gallary.xcdatamodeld in Sources */ = {isa = PBXBuildFile; fileRef = 922720B42848B4AE0027E003 /* gallary.xcdatamodeld */; };
		922720B82848B4AF0027E003 /* Assets.xcassets in Resources */ = {isa = PBXBuildFile; fileRef = 922720B72848B4AF0027E003 /* Assets.xcassets */; };
		922720BB2848B4AF0027E003 /* LaunchScreen.storyboard in Resources */ = {isa = PBXBuildFile; fileRef = 922720B92848B4AF0027E003 /* LaunchScreen.storyboard */; };
		922720C62848B4AF0027E003 /* gallaryTests.swift in Sources */ = {isa = PBXBuildFile; fileRef = 922720C52848B4AF0027E003 /* gallaryTests.swift */; };
		922720D02848B4AF0027E003 /* gallaryUITests.swift in Sources */ = {isa = PBXBuildFile; fileRef = 922720CF2848B4AF0027E003 /* gallaryUITests.swift */; };
		922720D22848B4AF0027E003 /* gallaryUITestsLaunchTests.swift in Sources */ = {isa = PBXBuildFile; fileRef = 922720D12848B4AF0027E003 /* gallaryUITestsLaunchTests.swift */; };
		922720EC2848B9FE0027E003 /* SplashViewController.swift in Sources */ = {isa = PBXBuildFile; fileRef = 922720EB2848B9FE0027E003 /* SplashViewController.swift */; };
		922720ED2848B9FE0027E003 /* SplashViewController.swift in Sources */ = {isa = PBXBuildFile; fileRef = 922720EB2848B9FE0027E003 /* SplashViewController.swift */; };
		922720EE2848B9FE0027E003 /* SplashViewController.swift in Sources */ = {isa = PBXBuildFile; fileRef = 922720EB2848B9FE0027E003 /* SplashViewController.swift */; };
		9242D4242849F21E00C4471B /* PhotoCollectionInetractor.swift in Sources */ = {isa = PBXBuildFile; fileRef = 9242D4232849F21E00C4471B /* PhotoCollectionInetractor.swift */; };
		9242D4252849F21E00C4471B /* PhotoCollectionInetractor.swift in Sources */ = {isa = PBXBuildFile; fileRef = 9242D4232849F21E00C4471B /* PhotoCollectionInetractor.swift */; };
		9242D4262849F21E00C4471B /* PhotoCollectionInetractor.swift in Sources */ = {isa = PBXBuildFile; fileRef = 9242D4232849F21E00C4471B /* PhotoCollectionInetractor.swift */; };
		9242D4282849F22A00C4471B /* PhotoCollectionPresenter.swift in Sources */ = {isa = PBXBuildFile; fileRef = 9242D4272849F22A00C4471B /* PhotoCollectionPresenter.swift */; };
		9242D4292849F22A00C4471B /* PhotoCollectionPresenter.swift in Sources */ = {isa = PBXBuildFile; fileRef = 9242D4272849F22A00C4471B /* PhotoCollectionPresenter.swift */; };
		9242D42A2849F22A00C4471B /* PhotoCollectionPresenter.swift in Sources */ = {isa = PBXBuildFile; fileRef = 9242D4272849F22A00C4471B /* PhotoCollectionPresenter.swift */; };
		9242D4302849F24900C4471B /* PhotoRouter.swift in Sources */ = {isa = PBXBuildFile; fileRef = 9242D42F2849F24900C4471B /* PhotoRouter.swift */; };
		9242D4312849F24900C4471B /* PhotoRouter.swift in Sources */ = {isa = PBXBuildFile; fileRef = 9242D42F2849F24900C4471B /* PhotoRouter.swift */; };
		9242D4322849F24900C4471B /* PhotoRouter.swift in Sources */ = {isa = PBXBuildFile; fileRef = 9242D42F2849F24900C4471B /* PhotoRouter.swift */; };
		9242D4352849F56100C4471B /* ImageUrlInfo.swift in Sources */ = {isa = PBXBuildFile; fileRef = 9242D4342849F56100C4471B /* ImageUrlInfo.swift */; };
		9242D4362849F56100C4471B /* ImageUrlInfo.swift in Sources */ = {isa = PBXBuildFile; fileRef = 9242D4342849F56100C4471B /* ImageUrlInfo.swift */; };
		9242D4372849F56100C4471B /* ImageUrlInfo.swift in Sources */ = {isa = PBXBuildFile; fileRef = 9242D4342849F56100C4471B /* ImageUrlInfo.swift */; };
		9242D4412849FFA300C4471B /* ServiceManger.swift in Sources */ = {isa = PBXBuildFile; fileRef = 9242D4402849FFA300C4471B /* ServiceManger.swift */; };
		9242D4422849FFA300C4471B /* ServiceManger.swift in Sources */ = {isa = PBXBuildFile; fileRef = 9242D4402849FFA300C4471B /* ServiceManger.swift */; };
		9242D4432849FFA300C4471B /* ServiceManger.swift in Sources */ = {isa = PBXBuildFile; fileRef = 9242D4402849FFA300C4471B /* ServiceManger.swift */; };
		9242D445284A012000C4471B /* MonstarGallaryService.swift in Sources */ = {isa = PBXBuildFile; fileRef = 9242D444284A012000C4471B /* MonstarGallaryService.swift */; };
		9242D446284A012000C4471B /* MonstarGallaryService.swift in Sources */ = {isa = PBXBuildFile; fileRef = 9242D444284A012000C4471B /* MonstarGallaryService.swift */; };
		9242D447284A012000C4471B /* MonstarGallaryService.swift in Sources */ = {isa = PBXBuildFile; fileRef = 9242D444284A012000C4471B /* MonstarGallaryService.swift */; };
		9242D44A284A01C700C4471B /* ApiCallResult.swift in Sources */ = {isa = PBXBuildFile; fileRef = 9242D449284A01C700C4471B /* ApiCallResult.swift */; };
		9242D44B284A01C700C4471B /* ApiCallResult.swift in Sources */ = {isa = PBXBuildFile; fileRef = 9242D449284A01C700C4471B /* ApiCallResult.swift */; };
		9242D44C284A01C700C4471B /* ApiCallResult.swift in Sources */ = {isa = PBXBuildFile; fileRef = 9242D449284A01C700C4471B /* ApiCallResult.swift */; };
		9242D44E284A020C00C4471B /* ResponseStatus.swift in Sources */ = {isa = PBXBuildFile; fileRef = 9242D44D284A020C00C4471B /* ResponseStatus.swift */; };
		9242D44F284A020C00C4471B /* ResponseStatus.swift in Sources */ = {isa = PBXBuildFile; fileRef = 9242D44D284A020C00C4471B /* ResponseStatus.swift */; };
		9242D450284A020C00C4471B /* ResponseStatus.swift in Sources */ = {isa = PBXBuildFile; fileRef = 9242D44D284A020C00C4471B /* ResponseStatus.swift */; };
		9242D452284A026800C4471B /* MonstarGallaryServiceImpl.swift in Sources */ = {isa = PBXBuildFile; fileRef = 9242D451284A026800C4471B /* MonstarGallaryServiceImpl.swift */; };
		9242D453284A026800C4471B /* MonstarGallaryServiceImpl.swift in Sources */ = {isa = PBXBuildFile; fileRef = 9242D451284A026800C4471B /* MonstarGallaryServiceImpl.swift */; };
		9242D454284A026800C4471B /* MonstarGallaryServiceImpl.swift in Sources */ = {isa = PBXBuildFile; fileRef = 9242D451284A026800C4471B /* MonstarGallaryServiceImpl.swift */; };
		9242D457284A041B00C4471B /* PhotoService.swift in Sources */ = {isa = PBXBuildFile; fileRef = 9242D456284A041B00C4471B /* PhotoService.swift */; };
		9242D458284A041B00C4471B /* PhotoService.swift in Sources */ = {isa = PBXBuildFile; fileRef = 9242D456284A041B00C4471B /* PhotoService.swift */; };
		9242D459284A041B00C4471B /* PhotoService.swift in Sources */ = {isa = PBXBuildFile; fileRef = 9242D456284A041B00C4471B /* PhotoService.swift */; };
		9242D45B284A050D00C4471B /* NetworkService.swift in Sources */ = {isa = PBXBuildFile; fileRef = 9242D45A284A050D00C4471B /* NetworkService.swift */; };
		9242D45C284A050D00C4471B /* NetworkService.swift in Sources */ = {isa = PBXBuildFile; fileRef = 9242D45A284A050D00C4471B /* NetworkService.swift */; };
		9242D45D284A050D00C4471B /* NetworkService.swift in Sources */ = {isa = PBXBuildFile; fileRef = 9242D45A284A050D00C4471B /* NetworkService.swift */; };
		9242D45F284A055D00C4471B /* ApiGwCallResult.swift in Sources */ = {isa = PBXBuildFile; fileRef = 9242D45E284A055D00C4471B /* ApiGwCallResult.swift */; };
		9242D460284A055D00C4471B /* ApiGwCallResult.swift in Sources */ = {isa = PBXBuildFile; fileRef = 9242D45E284A055D00C4471B /* ApiGwCallResult.swift */; };
		9242D461284A055D00C4471B /* ApiGwCallResult.swift in Sources */ = {isa = PBXBuildFile; fileRef = 9242D45E284A055D00C4471B /* ApiGwCallResult.swift */; };
		9242D463284A05CA00C4471B /* ApiGwResponse.swift in Sources */ = {isa = PBXBuildFile; fileRef = 9242D462284A05CA00C4471B /* ApiGwResponse.swift */; };
		9242D464284A05CA00C4471B /* ApiGwResponse.swift in Sources */ = {isa = PBXBuildFile; fileRef = 9242D462284A05CA00C4471B /* ApiGwResponse.swift */; };
		9242D465284A05CA00C4471B /* ApiGwResponse.swift in Sources */ = {isa = PBXBuildFile; fileRef = 9242D462284A05CA00C4471B /* ApiGwResponse.swift */; };
		9242D469284A0A1C00C4471B /* PhotosInfo.swift in Sources */ = {isa = PBXBuildFile; fileRef = 9242D468284A0A1C00C4471B /* PhotosInfo.swift */; };
		9242D46A284A0A1C00C4471B /* PhotosInfo.swift in Sources */ = {isa = PBXBuildFile; fileRef = 9242D468284A0A1C00C4471B /* PhotosInfo.swift */; };
		9242D46B284A0A1C00C4471B /* PhotosInfo.swift in Sources */ = {isa = PBXBuildFile; fileRef = 9242D468284A0A1C00C4471B /* PhotosInfo.swift */; };
		9242D472284A0B4E00C4471B /* NetworkServiceImpl.swift in Sources */ = {isa = PBXBuildFile; fileRef = 9242D471284A0B4E00C4471B /* NetworkServiceImpl.swift */; };
		9242D473284A0B4E00C4471B /* NetworkServiceImpl.swift in Sources */ = {isa = PBXBuildFile; fileRef = 9242D471284A0B4E00C4471B /* NetworkServiceImpl.swift */; };
		9242D474284A0B4E00C4471B /* NetworkServiceImpl.swift in Sources */ = {isa = PBXBuildFile; fileRef = 9242D471284A0B4E00C4471B /* NetworkServiceImpl.swift */; };
		9242D477284A0C3A00C4471B /* HeaderName.swift in Sources */ = {isa = PBXBuildFile; fileRef = 9242D476284A0C3A00C4471B /* HeaderName.swift */; };
		9242D478284A0C3A00C4471B /* HeaderName.swift in Sources */ = {isa = PBXBuildFile; fileRef = 9242D476284A0C3A00C4471B /* HeaderName.swift */; };
		9242D479284A0C3A00C4471B /* HeaderName.swift in Sources */ = {isa = PBXBuildFile; fileRef = 9242D476284A0C3A00C4471B /* HeaderName.swift */; };
		9242D47B284A0F6000C4471B /* DomainModule.swift in Sources */ = {isa = PBXBuildFile; fileRef = 9242D47A284A0F6000C4471B /* DomainModule.swift */; };
		9242D47C284A0F6000C4471B /* DomainModule.swift in Sources */ = {isa = PBXBuildFile; fileRef = 9242D47A284A0F6000C4471B /* DomainModule.swift */; };
		9242D47D284A0F6000C4471B /* DomainModule.swift in Sources */ = {isa = PBXBuildFile; fileRef = 9242D47A284A0F6000C4471B /* DomainModule.swift */; };
		9242D480284A19B900C4471B /* ApiUrl.swift in Sources */ = {isa = PBXBuildFile; fileRef = 9242D47F284A19B900C4471B /* ApiUrl.swift */; };
		9242D481284A19B900C4471B /* ApiUrl.swift in Sources */ = {isa = PBXBuildFile; fileRef = 9242D47F284A19B900C4471B /* ApiUrl.swift */; };
		9242D482284A19B900C4471B /* ApiUrl.swift in Sources */ = {isa = PBXBuildFile; fileRef = 9242D47F284A19B900C4471B /* ApiUrl.swift */; };
		9242D484284A1A3100C4471B /* ApiProtectionLabel.swift in Sources */ = {isa = PBXBuildFile; fileRef = 9242D483284A1A3100C4471B /* ApiProtectionLabel.swift */; };
		9242D485284A1A3100C4471B /* ApiProtectionLabel.swift in Sources */ = {isa = PBXBuildFile; fileRef = 9242D483284A1A3100C4471B /* ApiProtectionLabel.swift */; };
		9242D486284A1A3100C4471B /* ApiProtectionLabel.swift in Sources */ = {isa = PBXBuildFile; fileRef = 9242D483284A1A3100C4471B /* ApiProtectionLabel.swift */; };
		9242D488284A1B8A00C4471B /* ApiCallResponseCode.swift in Sources */ = {isa = PBXBuildFile; fileRef = 9242D487284A1B8A00C4471B /* ApiCallResponseCode.swift */; };
		9242D489284A1B8A00C4471B /* ApiCallResponseCode.swift in Sources */ = {isa = PBXBuildFile; fileRef = 9242D487284A1B8A00C4471B /* ApiCallResponseCode.swift */; };
		9242D48A284A1B8A00C4471B /* ApiCallResponseCode.swift in Sources */ = {isa = PBXBuildFile; fileRef = 9242D487284A1B8A00C4471B /* ApiCallResponseCode.swift */; };
		9242D48C284A1C5600C4471B /* ApiGwError.swift in Sources */ = {isa = PBXBuildFile; fileRef = 9242D48B284A1C5600C4471B /* ApiGwError.swift */; };
		9242D48D284A1C5600C4471B /* ApiGwError.swift in Sources */ = {isa = PBXBuildFile; fileRef = 9242D48B284A1C5600C4471B /* ApiGwError.swift */; };
		9242D48E284A1C5600C4471B /* ApiGwError.swift in Sources */ = {isa = PBXBuildFile; fileRef = 9242D48B284A1C5600C4471B /* ApiGwError.swift */; };
		9242D491284A1D5700C4471B /* Data+ConvertDataToUtf8String.swift in Sources */ = {isa = PBXBuildFile; fileRef = 9242D490284A1D5700C4471B /* Data+ConvertDataToUtf8String.swift */; };
		9242D492284A1D5700C4471B /* Data+ConvertDataToUtf8String.swift in Sources */ = {isa = PBXBuildFile; fileRef = 9242D490284A1D5700C4471B /* Data+ConvertDataToUtf8String.swift */; };
		9242D493284A1D5700C4471B /* Data+ConvertDataToUtf8String.swift in Sources */ = {isa = PBXBuildFile; fileRef = 9242D490284A1D5700C4471B /* Data+ConvertDataToUtf8String.swift */; };
		9242D495284A1F9C00C4471B /* RequestRouter.swift in Sources */ = {isa = PBXBuildFile; fileRef = 9242D494284A1F9C00C4471B /* RequestRouter.swift */; };
		9242D496284A1F9C00C4471B /* RequestRouter.swift in Sources */ = {isa = PBXBuildFile; fileRef = 9242D494284A1F9C00C4471B /* RequestRouter.swift */; };
		9242D497284A1F9C00C4471B /* RequestRouter.swift in Sources */ = {isa = PBXBuildFile; fileRef = 9242D494284A1F9C00C4471B /* RequestRouter.swift */; };
		9242D4A2284A4AC200C4471B /* Interceptor.swift in Sources */ = {isa = PBXBuildFile; fileRef = 9242D4A1284A4AC200C4471B /* Interceptor.swift */; };
		9242D4A3284A4AC200C4471B /* Interceptor.swift in Sources */ = {isa = PBXBuildFile; fileRef = 9242D4A1284A4AC200C4471B /* Interceptor.swift */; };
		9242D4A4284A4AC200C4471B /* Interceptor.swift in Sources */ = {isa = PBXBuildFile; fileRef = 9242D4A1284A4AC200C4471B /* Interceptor.swift */; };
		9242D4A6284A5FC200C4471B /* UserInfo.swift in Sources */ = {isa = PBXBuildFile; fileRef = 9242D4A5284A5FC200C4471B /* UserInfo.swift */; };
		9242D4A7284A5FC200C4471B /* UserInfo.swift in Sources */ = {isa = PBXBuildFile; fileRef = 9242D4A5284A5FC200C4471B /* UserInfo.swift */; };
		9242D4A8284A5FC200C4471B /* UserInfo.swift in Sources */ = {isa = PBXBuildFile; fileRef = 9242D4A5284A5FC200C4471B /* UserInfo.swift */; };
		9242D4AA284A61D300C4471B /* ProfileImageInfo.swift in Sources */ = {isa = PBXBuildFile; fileRef = 9242D4A9284A61D300C4471B /* ProfileImageInfo.swift */; };
		9242D4AB284A61D300C4471B /* ProfileImageInfo.swift in Sources */ = {isa = PBXBuildFile; fileRef = 9242D4A9284A61D300C4471B /* ProfileImageInfo.swift */; };
		9242D4AC284A61D300C4471B /* ProfileImageInfo.swift in Sources */ = {isa = PBXBuildFile; fileRef = 9242D4A9284A61D300C4471B /* ProfileImageInfo.swift */; };
		9242D4B2284A643200C4471B /* CurrentUserCollectionsInfo.swift in Sources */ = {isa = PBXBuildFile; fileRef = 9242D4B1284A643200C4471B /* CurrentUserCollectionsInfo.swift */; };
		9242D4B3284A643200C4471B /* CurrentUserCollectionsInfo.swift in Sources */ = {isa = PBXBuildFile; fileRef = 9242D4B1284A643200C4471B /* CurrentUserCollectionsInfo.swift */; };
		9242D4B4284A643200C4471B /* CurrentUserCollectionsInfo.swift in Sources */ = {isa = PBXBuildFile; fileRef = 9242D4B1284A643200C4471B /* CurrentUserCollectionsInfo.swift */; };
		9242D4B6284A653100C4471B /* UrlInfo.swift in Sources */ = {isa = PBXBuildFile; fileRef = 9242D4B5284A653100C4471B /* UrlInfo.swift */; };
		9242D4B7284A653100C4471B /* UrlInfo.swift in Sources */ = {isa = PBXBuildFile; fileRef = 9242D4B5284A653100C4471B /* UrlInfo.swift */; };
		9242D4B8284A653100C4471B /* UrlInfo.swift in Sources */ = {isa = PBXBuildFile; fileRef = 9242D4B5284A653100C4471B /* UrlInfo.swift */; };
		9242D4BA284A659B00C4471B /* LinksInfo.swift in Sources */ = {isa = PBXBuildFile; fileRef = 9242D4B9284A659B00C4471B /* LinksInfo.swift */; };
		9242D4BB284A659C00C4471B /* LinksInfo.swift in Sources */ = {isa = PBXBuildFile; fileRef = 9242D4B9284A659B00C4471B /* LinksInfo.swift */; };
		9242D4BC284A659C00C4471B /* LinksInfo.swift in Sources */ = {isa = PBXBuildFile; fileRef = 9242D4B9284A659B00C4471B /* LinksInfo.swift */; };
		9242D4C4284B7BF600C4471B /* ApiPhotosResponse.swift in Sources */ = {isa = PBXBuildFile; fileRef = 9242D4C3284B7BF600C4471B /* ApiPhotosResponse.swift */; };
		9242D4C5284B7BF600C4471B /* ApiPhotosResponse.swift in Sources */ = {isa = PBXBuildFile; fileRef = 9242D4C3284B7BF600C4471B /* ApiPhotosResponse.swift */; };
		9242D4C6284B7BF600C4471B /* ApiPhotosResponse.swift in Sources */ = {isa = PBXBuildFile; fileRef = 9242D4C3284B7BF600C4471B /* ApiPhotosResponse.swift */; };
		9242D4C9284B8DB000C4471B /* ImageUrlListEntity.swift in Sources */ = {isa = PBXBuildFile; fileRef = 9242D4C8284B8DB000C4471B /* ImageUrlListEntity.swift */; };
		9242D4CA284B8DB000C4471B /* ImageUrlListEntity.swift in Sources */ = {isa = PBXBuildFile; fileRef = 9242D4C8284B8DB000C4471B /* ImageUrlListEntity.swift */; };
		9242D4CB284B8DB000C4471B /* ImageUrlListEntity.swift in Sources */ = {isa = PBXBuildFile; fileRef = 9242D4C8284B8DB000C4471B /* ImageUrlListEntity.swift */; };
		9242D4CD284B91E200C4471B /* AppConfig.swift in Sources */ = {isa = PBXBuildFile; fileRef = 9242D4CC284B91E200C4471B /* AppConfig.swift */; };
		9242D4CE284B91E200C4471B /* AppConfig.swift in Sources */ = {isa = PBXBuildFile; fileRef = 9242D4CC284B91E200C4471B /* AppConfig.swift */; };
		9242D4CF284B91E200C4471B /* AppConfig.swift in Sources */ = {isa = PBXBuildFile; fileRef = 9242D4CC284B91E200C4471B /* AppConfig.swift */; };
		929EE132285CA1DB00AC16B7 /* Alamofire.xcframework in Frameworks */ = {isa = PBXBuildFile; fileRef = 929EE130285CA1DB00AC16B7 /* Alamofire.xcframework */; };
		929EE133285CA1DB00AC16B7 /* Alamofire.xcframework in Frameworks */ = {isa = PBXBuildFile; fileRef = 929EE130285CA1DB00AC16B7 /* Alamofire.xcframework */; };
		929EE136285CA1E200AC16B7 /* Kingfisher.xcframework in Frameworks */ = {isa = PBXBuildFile; fileRef = 929EE134285CA1E200AC16B7 /* Kingfisher.xcframework */; };
		929EE137285CA1E200AC16B7 /* Kingfisher.xcframework in Frameworks */ = {isa = PBXBuildFile; fileRef = 929EE134285CA1E200AC16B7 /* Kingfisher.xcframework */; };
		929EE13A285CA1E800AC16B7 /* ObjectMapper.xcframework in Frameworks */ = {isa = PBXBuildFile; fileRef = 929EE138285CA1E800AC16B7 /* ObjectMapper.xcframework */; };
		929EE13B285CA1E800AC16B7 /* ObjectMapper.xcframework in Frameworks */ = {isa = PBXBuildFile; fileRef = 929EE138285CA1E800AC16B7 /* ObjectMapper.xcframework */; };
		929EE13C285CA22B00AC16B7 /* Alamofire.xcframework in Frameworks */ = {isa = PBXBuildFile; fileRef = 929EE130285CA1DB00AC16B7 /* Alamofire.xcframework */; };
		929EE13D285CA22B00AC16B7 /* Alamofire.xcframework in Embed Frameworks */ = {isa = PBXBuildFile; fileRef = 929EE130285CA1DB00AC16B7 /* Alamofire.xcframework */; settings = {ATTRIBUTES = (CodeSignOnCopy, RemoveHeadersOnCopy, ); }; };
		929EE13E285CA22C00AC16B7 /* Kingfisher.xcframework in Frameworks */ = {isa = PBXBuildFile; fileRef = 929EE134285CA1E200AC16B7 /* Kingfisher.xcframework */; };
		929EE13F285CA22C00AC16B7 /* Kingfisher.xcframework in Embed Frameworks */ = {isa = PBXBuildFile; fileRef = 929EE134285CA1E200AC16B7 /* Kingfisher.xcframework */; settings = {ATTRIBUTES = (CodeSignOnCopy, RemoveHeadersOnCopy, ); }; };
		929EE140285CA22D00AC16B7 /* ObjectMapper.xcframework in Frameworks */ = {isa = PBXBuildFile; fileRef = 929EE138285CA1E800AC16B7 /* ObjectMapper.xcframework */; };
		929EE141285CA22D00AC16B7 /* ObjectMapper.xcframework in Embed Frameworks */ = {isa = PBXBuildFile; fileRef = 929EE138285CA1E800AC16B7 /* ObjectMapper.xcframework */; settings = {ATTRIBUTES = (CodeSignOnCopy, RemoveHeadersOnCopy, ); }; };
		92A7AF90284CD1A600EFC5A2 /* PhotoCollectionViewCell.swift in Sources */ = {isa = PBXBuildFile; fileRef = 92A7AF8F284CD1A600EFC5A2 /* PhotoCollectionViewCell.swift */; };
		92A7AF91284CD1A600EFC5A2 /* PhotoCollectionViewCell.swift in Sources */ = {isa = PBXBuildFile; fileRef = 92A7AF8F284CD1A600EFC5A2 /* PhotoCollectionViewCell.swift */; };
		92A7AF92284CD1A600EFC5A2 /* PhotoCollectionViewCell.swift in Sources */ = {isa = PBXBuildFile; fileRef = 92A7AF8F284CD1A600EFC5A2 /* PhotoCollectionViewCell.swift */; };
		92A7AF9E284CF18B00EFC5A2 /* DatabaseService.swift in Sources */ = {isa = PBXBuildFile; fileRef = 92A7AF9D284CF18B00EFC5A2 /* DatabaseService.swift */; };
		92A7AF9F284CF18B00EFC5A2 /* DatabaseService.swift in Sources */ = {isa = PBXBuildFile; fileRef = 92A7AF9D284CF18B00EFC5A2 /* DatabaseService.swift */; };
		92A7AFA0284CF18B00EFC5A2 /* DatabaseService.swift in Sources */ = {isa = PBXBuildFile; fileRef = 92A7AF9D284CF18B00EFC5A2 /* DatabaseService.swift */; };
		92A7AFA2284CF3A700EFC5A2 /* DatabaseServiceImpl.swift in Sources */ = {isa = PBXBuildFile; fileRef = 92A7AFA1284CF3A700EFC5A2 /* DatabaseServiceImpl.swift */; };
		92A7AFA3284CF3A700EFC5A2 /* DatabaseServiceImpl.swift in Sources */ = {isa = PBXBuildFile; fileRef = 92A7AFA1284CF3A700EFC5A2 /* DatabaseServiceImpl.swift */; };
		92A7AFA4284CF3A700EFC5A2 /* DatabaseServiceImpl.swift in Sources */ = {isa = PBXBuildFile; fileRef = 92A7AFA1284CF3A700EFC5A2 /* DatabaseServiceImpl.swift */; };
		92A7AFA6284CFCCC00EFC5A2 /* UserDefaultsManager.swift in Sources */ = {isa = PBXBuildFile; fileRef = 92A7AFA5284CFCCC00EFC5A2 /* UserDefaultsManager.swift */; };
		92A7AFA7284CFCCC00EFC5A2 /* UserDefaultsManager.swift in Sources */ = {isa = PBXBuildFile; fileRef = 92A7AFA5284CFCCC00EFC5A2 /* UserDefaultsManager.swift */; };
		92A7AFA8284CFCCC00EFC5A2 /* UserDefaultsManager.swift in Sources */ = {isa = PBXBuildFile; fileRef = 92A7AFA5284CFCCC00EFC5A2 /* UserDefaultsManager.swift */; };
		92A7AFC7284D16BA00EFC5A2 /* ImgUrlData+CoreDataClass.swift in Sources */ = {isa = PBXBuildFile; fileRef = 92A7AFC5284D16BA00EFC5A2 /* ImgUrlData+CoreDataClass.swift */; };
		92A7AFC8284D16BA00EFC5A2 /* ImgUrlData+CoreDataProperties.swift in Sources */ = {isa = PBXBuildFile; fileRef = 92A7AFC6284D16BA00EFC5A2 /* ImgUrlData+CoreDataProperties.swift */; };
		92AB0E732855AFA600CB209D /* AppDelegate.swift in Sources */ = {isa = PBXBuildFile; fileRef = 922720AB2848B4AE0027E003 /* AppDelegate.swift */; };
		92AB0E742855AFA600CB209D /* AppDelegate.swift in Sources */ = {isa = PBXBuildFile; fileRef = 922720AB2848B4AE0027E003 /* AppDelegate.swift */; };
		92B5AD572848FC19003E9FE7 /* PhotoViewController.swift in Sources */ = {isa = PBXBuildFile; fileRef = 92B5AD562848FC19003E9FE7 /* PhotoViewController.swift */; };
		92B5AD582848FC19003E9FE7 /* PhotoViewController.swift in Sources */ = {isa = PBXBuildFile; fileRef = 92B5AD562848FC19003E9FE7 /* PhotoViewController.swift */; };
		92B5AD592848FC19003E9FE7 /* PhotoViewController.swift in Sources */ = {isa = PBXBuildFile; fileRef = 92B5AD562848FC19003E9FE7 /* PhotoViewController.swift */; };
		92B5AD5C2849146D003E9FE7 /* BaseViewController.swift in Sources */ = {isa = PBXBuildFile; fileRef = 92B5AD5B2849146D003E9FE7 /* BaseViewController.swift */; };
		92B5AD5D2849146D003E9FE7 /* BaseViewController.swift in Sources */ = {isa = PBXBuildFile; fileRef = 92B5AD5B2849146D003E9FE7 /* BaseViewController.swift */; };
		92B5AD5E2849146D003E9FE7 /* BaseViewController.swift in Sources */ = {isa = PBXBuildFile; fileRef = 92B5AD5B2849146D003E9FE7 /* BaseViewController.swift */; };
		92E321E42848C298004E1AC5 /* Main.storyboard in Resources */ = {isa = PBXBuildFile; fileRef = 922720B12848B4AE0027E003 /* Main.storyboard */; };
		92E321E52848C299004E1AC5 /* Main.storyboard in Resources */ = {isa = PBXBuildFile; fileRef = 922720B12848B4AE0027E003 /* Main.storyboard */; };
		92EA7FF1285443FC00BAFC4A /* UIImageView+EnableZoom.swift in Sources */ = {isa = PBXBuildFile; fileRef = 92EA7FF0285443FC00BAFC4A /* UIImageView+EnableZoom.swift */; };
		92EA7FF2285443FC00BAFC4A /* UIImageView+EnableZoom.swift in Sources */ = {isa = PBXBuildFile; fileRef = 92EA7FF0285443FC00BAFC4A /* UIImageView+EnableZoom.swift */; };
		92EA7FF3285443FC00BAFC4A /* UIImageView+EnableZoom.swift in Sources */ = {isa = PBXBuildFile; fileRef = 92EA7FF0285443FC00BAFC4A /* UIImageView+EnableZoom.swift */; };
		92EA800128547EB400BAFC4A /* WaterFallGridCollectionLayout.swift in Sources */ = {isa = PBXBuildFile; fileRef = 92EA800028547EB400BAFC4A /* WaterFallGridCollectionLayout.swift */; };
		92EA800228547EB400BAFC4A /* WaterFallGridCollectionLayout.swift in Sources */ = {isa = PBXBuildFile; fileRef = 92EA800028547EB400BAFC4A /* WaterFallGridCollectionLayout.swift */; };
		92EA800328547EB400BAFC4A /* WaterFallGridCollectionLayout.swift in Sources */ = {isa = PBXBuildFile; fileRef = 92EA800028547EB400BAFC4A /* WaterFallGridCollectionLayout.swift */; };
		92EA800528549DC600BAFC4A /* UiVIew+RoundedCorner.swift in Sources */ = {isa = PBXBuildFile; fileRef = 92EA800428549DC600BAFC4A /* UiVIew+RoundedCorner.swift */; };
		92EA800628549DC600BAFC4A /* UiVIew+RoundedCorner.swift in Sources */ = {isa = PBXBuildFile; fileRef = 92EA800428549DC600BAFC4A /* UiVIew+RoundedCorner.swift */; };
		92EA800728549DC600BAFC4A /* UiVIew+RoundedCorner.swift in Sources */ = {isa = PBXBuildFile; fileRef = 92EA800428549DC600BAFC4A /* UiVIew+RoundedCorner.swift */; };
/* End PBXBuildFile section */

/* Begin PBXContainerItemProxy section */
		922720C22848B4AF0027E003 /* PBXContainerItemProxy */ = {
			isa = PBXContainerItemProxy;
			containerPortal = 922720A02848B4AE0027E003 /* Project object */;
			proxyType = 1;
			remoteGlobalIDString = 922720A72848B4AE0027E003;
			remoteInfo = gallary;
		};
		922720CC2848B4AF0027E003 /* PBXContainerItemProxy */ = {
			isa = PBXContainerItemProxy;
			containerPortal = 922720A02848B4AE0027E003 /* Project object */;
			proxyType = 1;
			remoteGlobalIDString = 922720A72848B4AE0027E003;
			remoteInfo = gallary;
		};
/* End PBXContainerItemProxy section */

/* Begin PBXCopyFilesBuildPhase section */
		92B5AD9D28492437003E9FE7 /* Embed Frameworks */ = {
			isa = PBXCopyFilesBuildPhase;
			buildActionMask = 2147483647;
			dstPath = "";
			dstSubfolderSpec = 10;
			files = (
				929EE13D285CA22B00AC16B7 /* Alamofire.xcframework in Embed Frameworks */,
				929EE13F285CA22C00AC16B7 /* Kingfisher.xcframework in Embed Frameworks */,
				929EE141285CA22D00AC16B7 /* ObjectMapper.xcframework in Embed Frameworks */,
			);
			name = "Embed Frameworks";
			runOnlyForDeploymentPostprocessing = 0;
		};
/* End PBXCopyFilesBuildPhase section */

/* Begin PBXFileReference section */
		920808252848CB74002E88DA /* PhotoCollectionVC.swift */ = {isa = PBXFileReference; fileEncoding = 4; lastKnownFileType = sourcecode.swift; path = PhotoCollectionVC.swift; sourceTree = "<group>"; };
		9213276A28564BA4000E782E /* PhotoListRequest.swift */ = {isa = PBXFileReference; lastKnownFileType = sourcecode.swift; name = PhotoListRequest.swift; path = "monstar-gallary/NetworkManager/Model/PhotoListRequest.swift"; sourceTree = SOURCE_ROOT; };
		922720A82848B4AE0027E003 /* Monstar Lab.app */ = {isa = PBXFileReference; explicitFileType = wrapper.application; includeInIndex = 0; path = "Monstar Lab.app"; sourceTree = BUILT_PRODUCTS_DIR; };
		922720AB2848B4AE0027E003 /* AppDelegate.swift */ = {isa = PBXFileReference; lastKnownFileType = sourcecode.swift; path = AppDelegate.swift; sourceTree = "<group>"; };
		922720AD2848B4AE0027E003 /* SceneDelegate.swift */ = {isa = PBXFileReference; lastKnownFileType = sourcecode.swift; path = SceneDelegate.swift; sourceTree = "<group>"; };
		922720B22848B4AE0027E003 /* Base */ = {isa = PBXFileReference; lastKnownFileType = file.storyboard; name = Base; path = Base.lproj/Main.storyboard; sourceTree = "<group>"; };
		922720B52848B4AE0027E003 /* gallary.xcdatamodel */ = {isa = PBXFileReference; lastKnownFileType = wrapper.xcdatamodel; path = gallary.xcdatamodel; sourceTree = "<group>"; };
		922720B72848B4AF0027E003 /* Assets.xcassets */ = {isa = PBXFileReference; lastKnownFileType = folder.assetcatalog; path = Assets.xcassets; sourceTree = "<group>"; };
		922720BA2848B4AF0027E003 /* Base */ = {isa = PBXFileReference; lastKnownFileType = file.storyboard; name = Base; path = Base.lproj/LaunchScreen.storyboard; sourceTree = "<group>"; };
		922720BC2848B4AF0027E003 /* Info.plist */ = {isa = PBXFileReference; lastKnownFileType = text.plist.xml; path = Info.plist; sourceTree = "<group>"; };
		922720C12848B4AF0027E003 /* monstar-gallaryTests.xctest */ = {isa = PBXFileReference; explicitFileType = wrapper.cfbundle; includeInIndex = 0; path = "monstar-gallaryTests.xctest"; sourceTree = BUILT_PRODUCTS_DIR; };
		922720C52848B4AF0027E003 /* gallaryTests.swift */ = {isa = PBXFileReference; lastKnownFileType = sourcecode.swift; path = gallaryTests.swift; sourceTree = "<group>"; };
		922720CB2848B4AF0027E003 /* monstar-gallaryUITests.xctest */ = {isa = PBXFileReference; explicitFileType = wrapper.cfbundle; includeInIndex = 0; path = "monstar-gallaryUITests.xctest"; sourceTree = BUILT_PRODUCTS_DIR; };
		922720CF2848B4AF0027E003 /* gallaryUITests.swift */ = {isa = PBXFileReference; lastKnownFileType = sourcecode.swift; path = gallaryUITests.swift; sourceTree = "<group>"; };
		922720D12848B4AF0027E003 /* gallaryUITestsLaunchTests.swift */ = {isa = PBXFileReference; lastKnownFileType = sourcecode.swift; path = gallaryUITestsLaunchTests.swift; sourceTree = "<group>"; };
		922720EB2848B9FE0027E003 /* SplashViewController.swift */ = {isa = PBXFileReference; lastKnownFileType = sourcecode.swift; path = SplashViewController.swift; sourceTree = "<group>"; };
		9242D4232849F21E00C4471B /* PhotoCollectionInetractor.swift */ = {isa = PBXFileReference; lastKnownFileType = sourcecode.swift; path = PhotoCollectionInetractor.swift; sourceTree = "<group>"; };
		9242D4272849F22A00C4471B /* PhotoCollectionPresenter.swift */ = {isa = PBXFileReference; lastKnownFileType = sourcecode.swift; path = PhotoCollectionPresenter.swift; sourceTree = "<group>"; };
		9242D42F2849F24900C4471B /* PhotoRouter.swift */ = {isa = PBXFileReference; lastKnownFileType = sourcecode.swift; path = PhotoRouter.swift; sourceTree = "<group>"; };
		9242D4342849F56100C4471B /* ImageUrlInfo.swift */ = {isa = PBXFileReference; lastKnownFileType = sourcecode.swift; path = ImageUrlInfo.swift; sourceTree = "<group>"; };
		9242D4402849FFA300C4471B /* ServiceManger.swift */ = {isa = PBXFileReference; lastKnownFileType = sourcecode.swift; path = ServiceManger.swift; sourceTree = "<group>"; };
		9242D444284A012000C4471B /* MonstarGallaryService.swift */ = {isa = PBXFileReference; lastKnownFileType = sourcecode.swift; path = MonstarGallaryService.swift; sourceTree = "<group>"; };
		9242D449284A01C700C4471B /* ApiCallResult.swift */ = {isa = PBXFileReference; lastKnownFileType = sourcecode.swift; path = ApiCallResult.swift; sourceTree = "<group>"; };
		9242D44D284A020C00C4471B /* ResponseStatus.swift */ = {isa = PBXFileReference; lastKnownFileType = sourcecode.swift; path = ResponseStatus.swift; sourceTree = "<group>"; };
		9242D451284A026800C4471B /* MonstarGallaryServiceImpl.swift */ = {isa = PBXFileReference; lastKnownFileType = sourcecode.swift; path = MonstarGallaryServiceImpl.swift; sourceTree = "<group>"; };
		9242D456284A041B00C4471B /* PhotoService.swift */ = {isa = PBXFileReference; lastKnownFileType = sourcecode.swift; path = PhotoService.swift; sourceTree = "<group>"; };
		9242D45A284A050D00C4471B /* NetworkService.swift */ = {isa = PBXFileReference; lastKnownFileType = sourcecode.swift; path = NetworkService.swift; sourceTree = "<group>"; };
		9242D45E284A055D00C4471B /* ApiGwCallResult.swift */ = {isa = PBXFileReference; lastKnownFileType = sourcecode.swift; path = ApiGwCallResult.swift; sourceTree = "<group>"; };
		9242D462284A05CA00C4471B /* ApiGwResponse.swift */ = {isa = PBXFileReference; lastKnownFileType = sourcecode.swift; path = ApiGwResponse.swift; sourceTree = "<group>"; };
		9242D468284A0A1C00C4471B /* PhotosInfo.swift */ = {isa = PBXFileReference; lastKnownFileType = sourcecode.swift; path = PhotosInfo.swift; sourceTree = "<group>"; };
		9242D471284A0B4E00C4471B /* NetworkServiceImpl.swift */ = {isa = PBXFileReference; lastKnownFileType = sourcecode.swift; path = NetworkServiceImpl.swift; sourceTree = "<group>"; };
		9242D476284A0C3A00C4471B /* HeaderName.swift */ = {isa = PBXFileReference; lastKnownFileType = sourcecode.swift; path = HeaderName.swift; sourceTree = "<group>"; };
		9242D47A284A0F6000C4471B /* DomainModule.swift */ = {isa = PBXFileReference; lastKnownFileType = sourcecode.swift; path = DomainModule.swift; sourceTree = "<group>"; };
		9242D47F284A19B900C4471B /* ApiUrl.swift */ = {isa = PBXFileReference; lastKnownFileType = sourcecode.swift; path = ApiUrl.swift; sourceTree = "<group>"; };
		9242D483284A1A3100C4471B /* ApiProtectionLabel.swift */ = {isa = PBXFileReference; lastKnownFileType = sourcecode.swift; path = ApiProtectionLabel.swift; sourceTree = "<group>"; };
		9242D487284A1B8A00C4471B /* ApiCallResponseCode.swift */ = {isa = PBXFileReference; lastKnownFileType = sourcecode.swift; path = ApiCallResponseCode.swift; sourceTree = "<group>"; };
		9242D48B284A1C5600C4471B /* ApiGwError.swift */ = {isa = PBXFileReference; lastKnownFileType = sourcecode.swift; path = ApiGwError.swift; sourceTree = "<group>"; };
		9242D490284A1D5700C4471B /* Data+ConvertDataToUtf8String.swift */ = {isa = PBXFileReference; lastKnownFileType = sourcecode.swift; path = "Data+ConvertDataToUtf8String.swift"; sourceTree = "<group>"; };
		9242D494284A1F9C00C4471B /* RequestRouter.swift */ = {isa = PBXFileReference; lastKnownFileType = sourcecode.swift; path = RequestRouter.swift; sourceTree = "<group>"; };
		9242D4A1284A4AC200C4471B /* Interceptor.swift */ = {isa = PBXFileReference; lastKnownFileType = sourcecode.swift; path = Interceptor.swift; sourceTree = "<group>"; };
		9242D4A5284A5FC200C4471B /* UserInfo.swift */ = {isa = PBXFileReference; lastKnownFileType = sourcecode.swift; path = UserInfo.swift; sourceTree = "<group>"; };
		9242D4A9284A61D300C4471B /* ProfileImageInfo.swift */ = {isa = PBXFileReference; lastKnownFileType = sourcecode.swift; path = ProfileImageInfo.swift; sourceTree = "<group>"; };
		9242D4B1284A643200C4471B /* CurrentUserCollectionsInfo.swift */ = {isa = PBXFileReference; lastKnownFileType = sourcecode.swift; path = CurrentUserCollectionsInfo.swift; sourceTree = "<group>"; };
		9242D4B5284A653100C4471B /* UrlInfo.swift */ = {isa = PBXFileReference; lastKnownFileType = sourcecode.swift; path = UrlInfo.swift; sourceTree = "<group>"; };
		9242D4B9284A659B00C4471B /* LinksInfo.swift */ = {isa = PBXFileReference; lastKnownFileType = sourcecode.swift; path = LinksInfo.swift; sourceTree = "<group>"; };
		9242D4C3284B7BF600C4471B /* ApiPhotosResponse.swift */ = {isa = PBXFileReference; lastKnownFileType = sourcecode.swift; path = ApiPhotosResponse.swift; sourceTree = "<group>"; };
		9242D4C8284B8DB000C4471B /* ImageUrlListEntity.swift */ = {isa = PBXFileReference; lastKnownFileType = sourcecode.swift; path = ImageUrlListEntity.swift; sourceTree = "<group>"; };
		9242D4CC284B91E200C4471B /* AppConfig.swift */ = {isa = PBXFileReference; lastKnownFileType = sourcecode.swift; path = AppConfig.swift; sourceTree = "<group>"; };
		929EE130285CA1DB00AC16B7 /* Alamofire.xcframework */ = {isa = PBXFileReference; lastKnownFileType = wrapper.xcframework; path = Alamofire.xcframework; sourceTree = "<group>"; };
		929EE134285CA1E200AC16B7 /* Kingfisher.xcframework */ = {isa = PBXFileReference; lastKnownFileType = wrapper.xcframework; path = Kingfisher.xcframework; sourceTree = "<group>"; };
		929EE138285CA1E800AC16B7 /* ObjectMapper.xcframework */ = {isa = PBXFileReference; lastKnownFileType = wrapper.xcframework; path = ObjectMapper.xcframework; sourceTree = "<group>"; };
		92A7AF8F284CD1A600EFC5A2 /* PhotoCollectionViewCell.swift */ = {isa = PBXFileReference; lastKnownFileType = sourcecode.swift; path = PhotoCollectionViewCell.swift; sourceTree = "<group>"; };
		92A7AF9D284CF18B00EFC5A2 /* DatabaseService.swift */ = {isa = PBXFileReference; lastKnownFileType = sourcecode.swift; path = DatabaseService.swift; sourceTree = "<group>"; };
		92A7AFA1284CF3A700EFC5A2 /* DatabaseServiceImpl.swift */ = {isa = PBXFileReference; lastKnownFileType = sourcecode.swift; path = DatabaseServiceImpl.swift; sourceTree = "<group>"; };
		92A7AFA5284CFCCC00EFC5A2 /* UserDefaultsManager.swift */ = {isa = PBXFileReference; lastKnownFileType = sourcecode.swift; path = UserDefaultsManager.swift; sourceTree = "<group>"; };
		92A7AFC5284D16BA00EFC5A2 /* ImgUrlData+CoreDataClass.swift */ = {isa = PBXFileReference; lastKnownFileType = sourcecode.swift; path = "ImgUrlData+CoreDataClass.swift"; sourceTree = "<group>"; };
		92A7AFC6284D16BA00EFC5A2 /* ImgUrlData+CoreDataProperties.swift */ = {isa = PBXFileReference; lastKnownFileType = sourcecode.swift; path = "ImgUrlData+CoreDataProperties.swift"; sourceTree = "<group>"; };
		92B5AD562848FC19003E9FE7 /* PhotoViewController.swift */ = {isa = PBXFileReference; lastKnownFileType = sourcecode.swift; path = PhotoViewController.swift; sourceTree = "<group>"; };
		92B5AD5B2849146D003E9FE7 /* BaseViewController.swift */ = {isa = PBXFileReference; lastKnownFileType = sourcecode.swift; path = BaseViewController.swift; sourceTree = "<group>"; };
		92E321E72848C29A004E1AC5 /* en */ = {isa = PBXFileReference; lastKnownFileType = text.plist.strings; name = en; path = en.lproj/Main.strings; sourceTree = "<group>"; };
		92EA7FF0285443FC00BAFC4A /* UIImageView+EnableZoom.swift */ = {isa = PBXFileReference; lastKnownFileType = sourcecode.swift; path = "UIImageView+EnableZoom.swift"; sourceTree = "<group>"; };
		92EA800028547EB400BAFC4A /* WaterFallGridCollectionLayout.swift */ = {isa = PBXFileReference; lastKnownFileType = sourcecode.swift; path = WaterFallGridCollectionLayout.swift; sourceTree = "<group>"; };
		92EA800428549DC600BAFC4A /* UiVIew+RoundedCorner.swift */ = {isa = PBXFileReference; lastKnownFileType = sourcecode.swift; path = "UiVIew+RoundedCorner.swift"; sourceTree = "<group>"; };
/* End PBXFileReference section */

/* Begin PBXFrameworksBuildPhase section */
		922720A52848B4AE0027E003 /* Frameworks */ = {
			isa = PBXFrameworksBuildPhase;
			buildActionMask = 2147483647;
			files = (
				929EE13E285CA22C00AC16B7 /* Kingfisher.xcframework in Frameworks */,
				929EE13C285CA22B00AC16B7 /* Alamofire.xcframework in Frameworks */,
				929EE140285CA22D00AC16B7 /* ObjectMapper.xcframework in Frameworks */,
			);
			runOnlyForDeploymentPostprocessing = 0;
		};
		922720BE2848B4AF0027E003 /* Frameworks */ = {
			isa = PBXFrameworksBuildPhase;
			buildActionMask = 2147483647;
			files = (
				929EE132285CA1DB00AC16B7 /* Alamofire.xcframework in Frameworks */,
				929EE136285CA1E200AC16B7 /* Kingfisher.xcframework in Frameworks */,
				929EE13A285CA1E800AC16B7 /* ObjectMapper.xcframework in Frameworks */,
			);
			runOnlyForDeploymentPostprocessing = 0;
		};
		922720C82848B4AF0027E003 /* Frameworks */ = {
			isa = PBXFrameworksBuildPhase;
			buildActionMask = 2147483647;
			files = (
				929EE133285CA1DB00AC16B7 /* Alamofire.xcframework in Frameworks */,
				929EE137285CA1E200AC16B7 /* Kingfisher.xcframework in Frameworks */,
				929EE13B285CA1E800AC16B7 /* ObjectMapper.xcframework in Frameworks */,
			);
			runOnlyForDeploymentPostprocessing = 0;
		};
/* End PBXFrameworksBuildPhase section */

/* Begin PBXGroup section */
		9227209F2848B4AE0027E003 = {
			isa = PBXGroup;
			children = (
				92B5AD60284923E0003E9FE7 /* Frameworks */,
				922720AA2848B4AE0027E003 /* monstar-gallary */,
				922720C42848B4AF0027E003 /* gallaryTests */,
				922720CE2848B4AF0027E003 /* gallaryUITests */,
				922720A92848B4AE0027E003 /* Products */,
			);
			sourceTree = "<group>";
		};
		922720A92848B4AE0027E003 /* Products */ = {
			isa = PBXGroup;
			children = (
				922720A82848B4AE0027E003 /* Monstar Lab.app */,
				922720C12848B4AF0027E003 /* monstar-gallaryTests.xctest */,
				922720CB2848B4AF0027E003 /* monstar-gallaryUITests.xctest */,
			);
			name = Products;
			sourceTree = "<group>";
		};
		922720AA2848B4AE0027E003 /* monstar-gallary */ = {
			isa = PBXGroup;
			children = (
				92AB0E722855AF9800CB209D /* Common */,
				92A7AF9B284CEEB200EFC5A2 /* DatabaseManager */,
				9242D49C284A2A4400C4471B /* Config */,
				9242D48F284A1D3400C4471B /* Extention */,
				9242D448284A01A900C4471B /* NetworkManager */,
				9242D43F2849FE4A00C4471B /* ServiceManager */,
				9242D41D2849EFD800C4471B /* Storyboards */,
				92E321DF2848C129004E1AC5 /* GallaryViewer */,
				922720B72848B4AF0027E003 /* Assets.xcassets */,
				922720BC2848B4AF0027E003 /* Info.plist */,
				922720B42848B4AE0027E003 /* gallary.xcdatamodeld */,
			);
			path = "monstar-gallary";
			sourceTree = "<group>";
		};
		922720C42848B4AF0027E003 /* gallaryTests */ = {
			isa = PBXGroup;
			children = (
				922720C52848B4AF0027E003 /* gallaryTests.swift */,
			);
			path = gallaryTests;
			sourceTree = "<group>";
		};
		922720CE2848B4AF0027E003 /* gallaryUITests */ = {
			isa = PBXGroup;
			children = (
				922720CF2848B4AF0027E003 /* gallaryUITests.swift */,
				922720D12848B4AF0027E003 /* gallaryUITestsLaunchTests.swift */,
			);
			path = gallaryUITests;
			sourceTree = "<group>";
		};
		9242D41D2849EFD800C4471B /* Storyboards */ = {
			isa = PBXGroup;
			children = (
				922720B92848B4AF0027E003 /* LaunchScreen.storyboard */,
				922720B12848B4AE0027E003 /* Main.storyboard */,
			);
			path = Storyboards;
			sourceTree = "<group>";
		};
		9242D41E2849F13400C4471B /* PhotoListCollection */ = {
			isa = PBXGroup;
			children = (
				9242D42F2849F24900C4471B /* PhotoRouter.swift */,
				9242D4232849F21E00C4471B /* PhotoCollectionInetractor.swift */,
				9242D4272849F22A00C4471B /* PhotoCollectionPresenter.swift */,
				920808252848CB74002E88DA /* PhotoCollectionVC.swift */,
				92A7AF8F284CD1A600EFC5A2 /* PhotoCollectionViewCell.swift */,
				92EA800028547EB400BAFC4A /* WaterFallGridCollectionLayout.swift */,
			);
			path = PhotoListCollection;
			sourceTree = "<group>";
		};
		9242D4332849F3C500C4471B /* Entity */ = {
			isa = PBXGroup;
			children = (
				9242D4342849F56100C4471B /* ImageUrlInfo.swift */,
				9242D4C8284B8DB000C4471B /* ImageUrlListEntity.swift */,
			);
			path = Entity;
			sourceTree = "<group>";
		};
		9242D43F2849FE4A00C4471B /* ServiceManager */ = {
			isa = PBXGroup;
			children = (
				9242D4332849F3C500C4471B /* Entity */,
				9242D455284A03FB00C4471B /* Service */,
				9242D4402849FFA300C4471B /* ServiceManger.swift */,
				9242D444284A012000C4471B /* MonstarGallaryService.swift */,
				9242D451284A026800C4471B /* MonstarGallaryServiceImpl.swift */,
				9242D47A284A0F6000C4471B /* DomainModule.swift */,
			);
			path = ServiceManager;
			sourceTree = "<group>";
		};
		9242D448284A01A900C4471B /* NetworkManager */ = {
			isa = PBXGroup;
			children = (
				9242D47E284A19AA00C4471B /* Api */,
				9242D475284A0BED00C4471B /* Enum */,
				9242D467284A09DD00C4471B /* Model */,
				9242D45A284A050D00C4471B /* NetworkService.swift */,
				9242D471284A0B4E00C4471B /* NetworkServiceImpl.swift */,
			);
			path = NetworkManager;
			sourceTree = "<group>";
		};
		9242D455284A03FB00C4471B /* Service */ = {
			isa = PBXGroup;
			children = (
				9242D456284A041B00C4471B /* PhotoService.swift */,
			);
			path = Service;
			sourceTree = "<group>";
		};
		9242D467284A09DD00C4471B /* Model */ = {
			isa = PBXGroup;
			children = (
				92AB0E6C2855ACB000CB209D /* Request */,
				9242D470284A0B0900C4471B /* BaseResponse */,
				9242D46F284A0ABA00C4471B /* Response */,
			);
			path = Model;
			sourceTree = "<group>";
		};
		9242D46F284A0ABA00C4471B /* Response */ = {
			isa = PBXGroup;
			children = (
				9242D468284A0A1C00C4471B /* PhotosInfo.swift */,
				9242D4A5284A5FC200C4471B /* UserInfo.swift */,
				9242D4A9284A61D300C4471B /* ProfileImageInfo.swift */,
				9242D4B1284A643200C4471B /* CurrentUserCollectionsInfo.swift */,
				9242D4B5284A653100C4471B /* UrlInfo.swift */,
				9242D4B9284A659B00C4471B /* LinksInfo.swift */,
				9242D4C3284B7BF600C4471B /* ApiPhotosResponse.swift */,
			);
			path = Response;
			sourceTree = "<group>";
		};
		9242D470284A0B0900C4471B /* BaseResponse */ = {
			isa = PBXGroup;
			children = (
				9242D449284A01C700C4471B /* ApiCallResult.swift */,
				9242D44D284A020C00C4471B /* ResponseStatus.swift */,
				9242D45E284A055D00C4471B /* ApiGwCallResult.swift */,
				9242D462284A05CA00C4471B /* ApiGwResponse.swift */,
				9242D48B284A1C5600C4471B /* ApiGwError.swift */,
			);
			path = BaseResponse;
			sourceTree = "<group>";
		};
		9242D475284A0BED00C4471B /* Enum */ = {
			isa = PBXGroup;
			children = (
				9242D476284A0C3A00C4471B /* HeaderName.swift */,
				9242D483284A1A3100C4471B /* ApiProtectionLabel.swift */,
				9242D487284A1B8A00C4471B /* ApiCallResponseCode.swift */,
			);
			path = Enum;
			sourceTree = "<group>";
		};
		9242D47E284A19AA00C4471B /* Api */ = {
			isa = PBXGroup;
			children = (
				9242D47F284A19B900C4471B /* ApiUrl.swift */,
				9242D494284A1F9C00C4471B /* RequestRouter.swift */,
				9242D4A1284A4AC200C4471B /* Interceptor.swift */,
			);
			path = Api;
			sourceTree = "<group>";
		};
		9242D48F284A1D3400C4471B /* Extention */ = {
			isa = PBXGroup;
			children = (
				9242D490284A1D5700C4471B /* Data+ConvertDataToUtf8String.swift */,
				92A7AFA5284CFCCC00EFC5A2 /* UserDefaultsManager.swift */,
				92EA7FF0285443FC00BAFC4A /* UIImageView+EnableZoom.swift */,
				92EA800428549DC600BAFC4A /* UiVIew+RoundedCorner.swift */,
			);
			path = Extention;
			sourceTree = "<group>";
		};
		9242D49C284A2A4400C4471B /* Config */ = {
			isa = PBXGroup;
			children = (
				9242D4CC284B91E200C4471B /* AppConfig.swift */,
			);
			path = Config;
			sourceTree = "<group>";
		};
		92A7AF9B284CEEB200EFC5A2 /* DatabaseManager */ = {
			isa = PBXGroup;
			children = (
				92A7AFC5284D16BA00EFC5A2 /* ImgUrlData+CoreDataClass.swift */,
				92A7AFC6284D16BA00EFC5A2 /* ImgUrlData+CoreDataProperties.swift */,
				92A7AF9C284CF17100EFC5A2 /* Model */,
				92A7AF9D284CF18B00EFC5A2 /* DatabaseService.swift */,
				92A7AFA1284CF3A700EFC5A2 /* DatabaseServiceImpl.swift */,
			);
			path = DatabaseManager;
			sourceTree = "<group>";
		};
		92A7AF9C284CF17100EFC5A2 /* Model */ = {
			isa = PBXGroup;
			children = (
			);
			path = Model;
			sourceTree = "<group>";
		};
		92AB0E6C2855ACB000CB209D /* Request */ = {
			isa = PBXGroup;
			children = (
				9213276A28564BA4000E782E /* PhotoListRequest.swift */,
			);
			path = Request;
			sourceTree = "<group>";
		};
		92AB0E722855AF9800CB209D /* Common */ = {
			isa = PBXGroup;
			children = (
				922720AB2848B4AE0027E003 /* AppDelegate.swift */,
				922720AD2848B4AE0027E003 /* SceneDelegate.swift */,
				92B5AD5B2849146D003E9FE7 /* BaseViewController.swift */,
			);
			path = Common;
			sourceTree = "<group>";
		};
		92AE2EA4284CC17B00543434 /* PhotoViewer */ = {
			isa = PBXGroup;
			children = (
				92B5AD562848FC19003E9FE7 /* PhotoViewController.swift */,
			);
			path = PhotoViewer;
			sourceTree = "<group>";
		};
		92AE2EA5284CC1B900543434 /* Splash */ = {
			isa = PBXGroup;
			children = (
				922720EB2848B9FE0027E003 /* SplashViewController.swift */,
			);
			path = Splash;
			sourceTree = "<group>";
		};
		92B5AD60284923E0003E9FE7 /* Frameworks */ = {
			isa = PBXGroup;
			children = (
				929EE130285CA1DB00AC16B7 /* Alamofire.xcframework */,
				929EE134285CA1E200AC16B7 /* Kingfisher.xcframework */,
				929EE138285CA1E800AC16B7 /* ObjectMapper.xcframework */,
			);
			path = Frameworks;
			sourceTree = "<group>";
		};
		92E321DF2848C129004E1AC5 /* GallaryViewer */ = {
			isa = PBXGroup;
			children = (
				92AE2EA5284CC1B900543434 /* Splash */,
				92AE2EA4284CC17B00543434 /* PhotoViewer */,
				9242D41E2849F13400C4471B /* PhotoListCollection */,
			);
			path = GallaryViewer;
			sourceTree = "<group>";
		};
/* End PBXGroup section */

/* Begin PBXNativeTarget section */
		922720A72848B4AE0027E003 /* Monstar Lab */ = {
			isa = PBXNativeTarget;
			buildConfigurationList = 922720D52848B4AF0027E003 /* Build configuration list for PBXNativeTarget "Monstar Lab" */;
			buildPhases = (
				922720A42848B4AE0027E003 /* Sources */,
				922720A52848B4AE0027E003 /* Frameworks */,
				922720A62848B4AE0027E003 /* Resources */,
				92B5AD9D28492437003E9FE7 /* Embed Frameworks */,
			);
			buildRules = (
			);
			dependencies = (
			);
			name = "Monstar Lab";
			productName = gallary;
			productReference = 922720A82848B4AE0027E003 /* Monstar Lab.app */;
			productType = "com.apple.product-type.application";
		};
		922720C02848B4AF0027E003 /* monstar-gallaryTests */ = {
			isa = PBXNativeTarget;
			buildConfigurationList = 922720D82848B4AF0027E003 /* Build configuration list for PBXNativeTarget "monstar-gallaryTests" */;
			buildPhases = (
				922720BD2848B4AF0027E003 /* Sources */,
				922720BE2848B4AF0027E003 /* Frameworks */,
				922720BF2848B4AF0027E003 /* Resources */,
			);
			buildRules = (
			);
			dependencies = (
				922720C32848B4AF0027E003 /* PBXTargetDependency */,
			);
			name = "monstar-gallaryTests";
			productName = gallaryTests;
			productReference = 922720C12848B4AF0027E003 /* monstar-gallaryTests.xctest */;
			productType = "com.apple.product-type.bundle.unit-test";
		};
		922720CA2848B4AF0027E003 /* monstar-gallaryUITests */ = {
			isa = PBXNativeTarget;
			buildConfigurationList = 922720DB2848B4AF0027E003 /* Build configuration list for PBXNativeTarget "monstar-gallaryUITests" */;
			buildPhases = (
				922720C72848B4AF0027E003 /* Sources */,
				922720C82848B4AF0027E003 /* Frameworks */,
				922720C92848B4AF0027E003 /* Resources */,
			);
			buildRules = (
			);
			dependencies = (
				922720CD2848B4AF0027E003 /* PBXTargetDependency */,
			);
			name = "monstar-gallaryUITests";
			productName = gallaryUITests;
			productReference = 922720CB2848B4AF0027E003 /* monstar-gallaryUITests.xctest */;
			productType = "com.apple.product-type.bundle.ui-testing";
		};
/* End PBXNativeTarget section */

/* Begin PBXProject section */
		922720A02848B4AE0027E003 /* Project object */ = {
			isa = PBXProject;
			attributes = {
				BuildIndependentTargetsInParallel = 1;
				LastSwiftUpdateCheck = 1340;
				LastUpgradeCheck = 1340;
				TargetAttributes = {
					922720A72848B4AE0027E003 = {
						CreatedOnToolsVersion = 13.4;
					};
					922720C02848B4AF0027E003 = {
						CreatedOnToolsVersion = 13.4;
						TestTargetID = 922720A72848B4AE0027E003;
					};
					922720CA2848B4AF0027E003 = {
						CreatedOnToolsVersion = 13.4;
						TestTargetID = 922720A72848B4AE0027E003;
					};
				};
			};
			buildConfigurationList = 922720A32848B4AE0027E003 /* Build configuration list for PBXProject "monstar-gallary" */;
			compatibilityVersion = "Xcode 13.0";
			developmentRegion = en;
			hasScannedForEncodings = 0;
			knownRegions = (
				en,
				Base,
			);
			mainGroup = 9227209F2848B4AE0027E003;
			productRefGroup = 922720A92848B4AE0027E003 /* Products */;
			projectDirPath = "";
			projectRoot = "";
			targets = (
				922720A72848B4AE0027E003 /* Monstar Lab */,
				922720C02848B4AF0027E003 /* monstar-gallaryTests */,
				922720CA2848B4AF0027E003 /* monstar-gallaryUITests */,
			);
		};
/* End PBXProject section */

/* Begin PBXResourcesBuildPhase section */
		922720A62848B4AE0027E003 /* Resources */ = {
			isa = PBXResourcesBuildPhase;
			buildActionMask = 2147483647;
			files = (
				922720BB2848B4AF0027E003 /* LaunchScreen.storyboard in Resources */,
				922720B82848B4AF0027E003 /* Assets.xcassets in Resources */,
				922720B32848B4AE0027E003 /* Main.storyboard in Resources */,
			);
			runOnlyForDeploymentPostprocessing = 0;
		};
		922720BF2848B4AF0027E003 /* Resources */ = {
			isa = PBXResourcesBuildPhase;
			buildActionMask = 2147483647;
			files = (
				92E321E42848C298004E1AC5 /* Main.storyboard in Resources */,
			);
			runOnlyForDeploymentPostprocessing = 0;
		};
		922720C92848B4AF0027E003 /* Resources */ = {
			isa = PBXResourcesBuildPhase;
			buildActionMask = 2147483647;
			files = (
				92E321E52848C299004E1AC5 /* Main.storyboard in Resources */,
			);
			runOnlyForDeploymentPostprocessing = 0;
		};
/* End PBXResourcesBuildPhase section */

/* Begin PBXSourcesBuildPhase section */
		922720A42848B4AE0027E003 /* Sources */ = {
			isa = PBXSourcesBuildPhase;
			buildActionMask = 2147483647;
			files = (
				9242D4AA284A61D300C4471B /* ProfileImageInfo.swift in Sources */,
				92A7AF90284CD1A600EFC5A2 /* PhotoCollectionViewCell.swift in Sources */,
				9242D4B6284A653100C4471B /* UrlInfo.swift in Sources */,
				92EA800528549DC600BAFC4A /* UiVIew+RoundedCorner.swift in Sources */,
				92A7AF9E284CF18B00EFC5A2 /* DatabaseService.swift in Sources */,
				9242D472284A0B4E00C4471B /* NetworkServiceImpl.swift in Sources */,
				9242D4CD284B91E200C4471B /* AppConfig.swift in Sources */,
				9242D47B284A0F6000C4471B /* DomainModule.swift in Sources */,
				9242D463284A05CA00C4471B /* ApiGwResponse.swift in Sources */,
				9242D4BA284A659B00C4471B /* LinksInfo.swift in Sources */,
				922720B62848B4AE0027E003 /* gallary.xcdatamodeld in Sources */,
				9242D457284A041B00C4471B /* PhotoService.swift in Sources */,
				9242D45F284A055D00C4471B /* ApiGwCallResult.swift in Sources */,
				9242D44E284A020C00C4471B /* ResponseStatus.swift in Sources */,
				9242D4412849FFA300C4471B /* ServiceManger.swift in Sources */,
				920808262848CB74002E88DA /* PhotoCollectionVC.swift in Sources */,
				9242D4242849F21E00C4471B /* PhotoCollectionInetractor.swift in Sources */,
				92A7AFC8284D16BA00EFC5A2 /* ImgUrlData+CoreDataProperties.swift in Sources */,
				9242D484284A1A3100C4471B /* ApiProtectionLabel.swift in Sources */,
				9242D4302849F24900C4471B /* PhotoRouter.swift in Sources */,
				9242D4C4284B7BF600C4471B /* ApiPhotosResponse.swift in Sources */,
				9242D4282849F22A00C4471B /* PhotoCollectionPresenter.swift in Sources */,
				922720AC2848B4AE0027E003 /* AppDelegate.swift in Sources */,
				92EA7FF1285443FC00BAFC4A /* UIImageView+EnableZoom.swift in Sources */,
				9242D477284A0C3A00C4471B /* HeaderName.swift in Sources */,
				9242D4A2284A4AC200C4471B /* Interceptor.swift in Sources */,
				9242D4352849F56100C4471B /* ImageUrlInfo.swift in Sources */,
				92A7AFA2284CF3A700EFC5A2 /* DatabaseServiceImpl.swift in Sources */,
				9242D480284A19B900C4471B /* ApiUrl.swift in Sources */,
				9242D48C284A1C5600C4471B /* ApiGwError.swift in Sources */,
				9213276B28564BA4000E782E /* PhotoListRequest.swift in Sources */,
				9242D44A284A01C700C4471B /* ApiCallResult.swift in Sources */,
				9242D452284A026800C4471B /* MonstarGallaryServiceImpl.swift in Sources */,
				9242D4A6284A5FC200C4471B /* UserInfo.swift in Sources */,
				92B5AD572848FC19003E9FE7 /* PhotoViewController.swift in Sources */,
				9242D469284A0A1C00C4471B /* PhotosInfo.swift in Sources */,
				9242D4C9284B8DB000C4471B /* ImageUrlListEntity.swift in Sources */,
				92B5AD5C2849146D003E9FE7 /* BaseViewController.swift in Sources */,
				9242D45B284A050D00C4471B /* NetworkService.swift in Sources */,
				92A7AFC7284D16BA00EFC5A2 /* ImgUrlData+CoreDataClass.swift in Sources */,
				9242D495284A1F9C00C4471B /* RequestRouter.swift in Sources */,
				9242D445284A012000C4471B /* MonstarGallaryService.swift in Sources */,
				9242D491284A1D5700C4471B /* Data+ConvertDataToUtf8String.swift in Sources */,
				9242D4B2284A643200C4471B /* CurrentUserCollectionsInfo.swift in Sources */,
				92A7AFA6284CFCCC00EFC5A2 /* UserDefaultsManager.swift in Sources */,
				922720AE2848B4AE0027E003 /* SceneDelegate.swift in Sources */,
				92EA800128547EB400BAFC4A /* WaterFallGridCollectionLayout.swift in Sources */,
				9242D488284A1B8A00C4471B /* ApiCallResponseCode.swift in Sources */,
				922720EC2848B9FE0027E003 /* SplashViewController.swift in Sources */,
			);
			runOnlyForDeploymentPostprocessing = 0;
		};
		922720BD2848B4AF0027E003 /* Sources */ = {
			isa = PBXSourcesBuildPhase;
			buildActionMask = 2147483647;
			files = (
				9242D44F284A020C00C4471B /* ResponseStatus.swift in Sources */,
				92A7AFA7284CFCCC00EFC5A2 /* UserDefaultsManager.swift in Sources */,
				9242D4422849FFA300C4471B /* ServiceManger.swift in Sources */,
				92A7AF9F284CF18B00EFC5A2 /* DatabaseService.swift in Sources */,
				9242D492284A1D5700C4471B /* Data+ConvertDataToUtf8String.swift in Sources */,
				9242D464284A05CA00C4471B /* ApiGwResponse.swift in Sources */,
				92B5AD5D2849146D003E9FE7 /* BaseViewController.swift in Sources */,
				9242D4AB284A61D300C4471B /* ProfileImageInfo.swift in Sources */,
				922720C62848B4AF0027E003 /* gallaryTests.swift in Sources */,
				9242D4312849F24900C4471B /* PhotoRouter.swift in Sources */,
				9242D489284A1B8A00C4471B /* ApiCallResponseCode.swift in Sources */,
				9242D45C284A050D00C4471B /* NetworkService.swift in Sources */,
				9242D4292849F22A00C4471B /* PhotoCollectionPresenter.swift in Sources */,
				9242D4362849F56100C4471B /* ImageUrlInfo.swift in Sources */,
				9242D478284A0C3A00C4471B /* HeaderName.swift in Sources */,
				9242D4B3284A643200C4471B /* CurrentUserCollectionsInfo.swift in Sources */,
				9242D458284A041B00C4471B /* PhotoService.swift in Sources */,
				9242D485284A1A3100C4471B /* ApiProtectionLabel.swift in Sources */,
				9242D446284A012000C4471B /* MonstarGallaryService.swift in Sources */,
				92B5AD582848FC19003E9FE7 /* PhotoViewController.swift in Sources */,
				920808272848CB74002E88DA /* PhotoCollectionVC.swift in Sources */,
				9242D44B284A01C700C4471B /* ApiCallResult.swift in Sources */,
				92AB0E732855AFA600CB209D /* AppDelegate.swift in Sources */,
				9242D4BB284A659C00C4471B /* LinksInfo.swift in Sources */,
				92EA800628549DC600BAFC4A /* UiVIew+RoundedCorner.swift in Sources */,
				9242D4252849F21E00C4471B /* PhotoCollectionInetractor.swift in Sources */,
				9242D4A7284A5FC200C4471B /* UserInfo.swift in Sources */,
				92A7AF91284CD1A600EFC5A2 /* PhotoCollectionViewCell.swift in Sources */,
				9242D4CA284B8DB000C4471B /* ImageUrlListEntity.swift in Sources */,
				9242D4B7284A653100C4471B /* UrlInfo.swift in Sources */,
				92A7AFA3284CF3A700EFC5A2 /* DatabaseServiceImpl.swift in Sources */,
				9242D473284A0B4E00C4471B /* NetworkServiceImpl.swift in Sources */,
				92EA7FF2285443FC00BAFC4A /* UIImageView+EnableZoom.swift in Sources */,
				9242D46A284A0A1C00C4471B /* PhotosInfo.swift in Sources */,
				9242D48D284A1C5600C4471B /* ApiGwError.swift in Sources */,
				9242D496284A1F9C00C4471B /* RequestRouter.swift in Sources */,
				9242D4A3284A4AC200C4471B /* Interceptor.swift in Sources */,
				9213276C28564BA4000E782E /* PhotoListRequest.swift in Sources */,
				9242D4C5284B7BF600C4471B /* ApiPhotosResponse.swift in Sources */,
				922720ED2848B9FE0027E003 /* SplashViewController.swift in Sources */,
				9242D481284A19B900C4471B /* ApiUrl.swift in Sources */,
				9242D453284A026800C4471B /* MonstarGallaryServiceImpl.swift in Sources */,
				92EA800228547EB400BAFC4A /* WaterFallGridCollectionLayout.swift in Sources */,
				9242D4CE284B91E200C4471B /* AppConfig.swift in Sources */,
				9242D47C284A0F6000C4471B /* DomainModule.swift in Sources */,
				9242D460284A055D00C4471B /* ApiGwCallResult.swift in Sources */,
			);
			runOnlyForDeploymentPostprocessing = 0;
		};
		922720C72848B4AF0027E003 /* Sources */ = {
			isa = PBXSourcesBuildPhase;
			buildActionMask = 2147483647;
			files = (
				9242D474284A0B4E00C4471B /* NetworkServiceImpl.swift in Sources */,
				9242D4CF284B91E200C4471B /* AppConfig.swift in Sources */,
				9242D4322849F24900C4471B /* PhotoRouter.swift in Sources */,
				9242D44C284A01C700C4471B /* ApiCallResult.swift in Sources */,
				92EA800328547EB400BAFC4A /* WaterFallGridCollectionLayout.swift in Sources */,
				9242D493284A1D5700C4471B /* Data+ConvertDataToUtf8String.swift in Sources */,
				9242D47D284A0F6000C4471B /* DomainModule.swift in Sources */,
				9242D42A2849F22A00C4471B /* PhotoCollectionPresenter.swift in Sources */,
				9242D48E284A1C5600C4471B /* ApiGwError.swift in Sources */,
				9242D447284A012000C4471B /* MonstarGallaryService.swift in Sources */,
				9242D45D284A050D00C4471B /* NetworkService.swift in Sources */,
				9242D461284A055D00C4471B /* ApiGwCallResult.swift in Sources */,
				92AB0E742855AFA600CB209D /* AppDelegate.swift in Sources */,
				9242D486284A1A3100C4471B /* ApiProtectionLabel.swift in Sources */,
				9242D4BC284A659C00C4471B /* LinksInfo.swift in Sources */,
				9242D48A284A1B8A00C4471B /* ApiCallResponseCode.swift in Sources */,
				92A7AF92284CD1A600EFC5A2 /* PhotoCollectionViewCell.swift in Sources */,
				9242D4372849F56100C4471B /* ImageUrlInfo.swift in Sources */,
				922720EE2848B9FE0027E003 /* SplashViewController.swift in Sources */,
				920808282848CB74002E88DA /* PhotoCollectionVC.swift in Sources */,
				9242D482284A19B900C4471B /* ApiUrl.swift in Sources */,
				9242D4B8284A653100C4471B /* UrlInfo.swift in Sources */,
				9242D465284A05CA00C4471B /* ApiGwResponse.swift in Sources */,
				9242D4432849FFA300C4471B /* ServiceManger.swift in Sources */,
				9242D4AC284A61D300C4471B /* ProfileImageInfo.swift in Sources */,
				9242D4CB284B8DB000C4471B /* ImageUrlListEntity.swift in Sources */,
				92A7AFA0284CF18B00EFC5A2 /* DatabaseService.swift in Sources */,
				922720D02848B4AF0027E003 /* gallaryUITests.swift in Sources */,
				92EA800728549DC600BAFC4A /* UiVIew+RoundedCorner.swift in Sources */,
				9242D450284A020C00C4471B /* ResponseStatus.swift in Sources */,
				922720D22848B4AF0027E003 /* gallaryUITestsLaunchTests.swift in Sources */,
				9242D4B4284A643200C4471B /* CurrentUserCollectionsInfo.swift in Sources */,
				92B5AD592848FC19003E9FE7 /* PhotoViewController.swift in Sources */,
				9242D454284A026800C4471B /* MonstarGallaryServiceImpl.swift in Sources */,
				9242D479284A0C3A00C4471B /* HeaderName.swift in Sources */,
				9242D459284A041B00C4471B /* PhotoService.swift in Sources */,
				9242D4A4284A4AC200C4471B /* Interceptor.swift in Sources */,
				92A7AFA8284CFCCC00EFC5A2 /* UserDefaultsManager.swift in Sources */,
				9213276D28564BA4000E782E /* PhotoListRequest.swift in Sources */,
				9242D497284A1F9C00C4471B /* RequestRouter.swift in Sources */,
				9242D4262849F21E00C4471B /* PhotoCollectionInetractor.swift in Sources */,
				9242D46B284A0A1C00C4471B /* PhotosInfo.swift in Sources */,
				9242D4A8284A5FC200C4471B /* UserInfo.swift in Sources */,
				9242D4C6284B7BF600C4471B /* ApiPhotosResponse.swift in Sources */,
				92EA7FF3285443FC00BAFC4A /* UIImageView+EnableZoom.swift in Sources */,
				92B5AD5E2849146D003E9FE7 /* BaseViewController.swift in Sources */,
				92A7AFA4284CF3A700EFC5A2 /* DatabaseServiceImpl.swift in Sources */,
			);
			runOnlyForDeploymentPostprocessing = 0;
		};
/* End PBXSourcesBuildPhase section */

/* Begin PBXTargetDependency section */
		922720C32848B4AF0027E003 /* PBXTargetDependency */ = {
			isa = PBXTargetDependency;
			target = 922720A72848B4AE0027E003 /* Monstar Lab */;
			targetProxy = 922720C22848B4AF0027E003 /* PBXContainerItemProxy */;
		};
		922720CD2848B4AF0027E003 /* PBXTargetDependency */ = {
			isa = PBXTargetDependency;
			target = 922720A72848B4AE0027E003 /* Monstar Lab */;
			targetProxy = 922720CC2848B4AF0027E003 /* PBXContainerItemProxy */;
		};
/* End PBXTargetDependency section */

/* Begin PBXVariantGroup section */
		922720B12848B4AE0027E003 /* Main.storyboard */ = {
			isa = PBXVariantGroup;
			children = (
				922720B22848B4AE0027E003 /* Base */,
				92E321E72848C29A004E1AC5 /* en */,
			);
			name = Main.storyboard;
			sourceTree = "<group>";
		};
		922720B92848B4AF0027E003 /* LaunchScreen.storyboard */ = {
			isa = PBXVariantGroup;
			children = (
				922720BA2848B4AF0027E003 /* Base */,
			);
			name = LaunchScreen.storyboard;
			sourceTree = "<group>";
		};
/* End PBXVariantGroup section */

/* Begin XCBuildConfiguration section */
		922720D32848B4AF0027E003 /* Debug */ = {
			isa = XCBuildConfiguration;
			buildSettings = {
				ALWAYS_SEARCH_USER_PATHS = NO;
				CLANG_ANALYZER_NONNULL = YES;
				CLANG_ANALYZER_NUMBER_OBJECT_CONVERSION = YES_AGGRESSIVE;
				CLANG_CXX_LANGUAGE_STANDARD = "gnu++17";
				CLANG_ENABLE_MODULES = YES;
				CLANG_ENABLE_OBJC_ARC = YES;
				CLANG_ENABLE_OBJC_WEAK = YES;
				CLANG_WARN_BLOCK_CAPTURE_AUTORELEASING = YES;
				CLANG_WARN_BOOL_CONVERSION = YES;
				CLANG_WARN_COMMA = YES;
				CLANG_WARN_CONSTANT_CONVERSION = YES;
				CLANG_WARN_DEPRECATED_OBJC_IMPLEMENTATIONS = YES;
				CLANG_WARN_DIRECT_OBJC_ISA_USAGE = YES_ERROR;
				CLANG_WARN_DOCUMENTATION_COMMENTS = YES;
				CLANG_WARN_EMPTY_BODY = YES;
				CLANG_WARN_ENUM_CONVERSION = YES;
				CLANG_WARN_INFINITE_RECURSION = YES;
				CLANG_WARN_INT_CONVERSION = YES;
				CLANG_WARN_NON_LITERAL_NULL_CONVERSION = YES;
				CLANG_WARN_OBJC_IMPLICIT_RETAIN_SELF = YES;
				CLANG_WARN_OBJC_LITERAL_CONVERSION = YES;
				CLANG_WARN_OBJC_ROOT_CLASS = YES_ERROR;
				CLANG_WARN_QUOTED_INCLUDE_IN_FRAMEWORK_HEADER = YES;
				CLANG_WARN_RANGE_LOOP_ANALYSIS = YES;
				CLANG_WARN_STRICT_PROTOTYPES = YES;
				CLANG_WARN_SUSPICIOUS_MOVE = YES;
				CLANG_WARN_UNGUARDED_AVAILABILITY = YES_AGGRESSIVE;
				CLANG_WARN_UNREACHABLE_CODE = YES;
				CLANG_WARN__DUPLICATE_METHOD_MATCH = YES;
				COPY_PHASE_STRIP = NO;
				DEBUG_INFORMATION_FORMAT = dwarf;
				ENABLE_STRICT_OBJC_MSGSEND = YES;
				ENABLE_TESTABILITY = YES;
				GCC_C_LANGUAGE_STANDARD = gnu11;
				GCC_DYNAMIC_NO_PIC = NO;
				GCC_NO_COMMON_BLOCKS = YES;
				GCC_OPTIMIZATION_LEVEL = 0;
				GCC_PREPROCESSOR_DEFINITIONS = (
					"DEBUG=1",
					"$(inherited)",
				);
				GCC_WARN_64_TO_32_BIT_CONVERSION = YES;
				GCC_WARN_ABOUT_RETURN_TYPE = YES_ERROR;
				GCC_WARN_UNDECLARED_SELECTOR = YES;
				GCC_WARN_UNINITIALIZED_AUTOS = YES_AGGRESSIVE;
				GCC_WARN_UNUSED_FUNCTION = YES;
				GCC_WARN_UNUSED_VARIABLE = YES;
				IPHONEOS_DEPLOYMENT_TARGET = 13.0;
				MTL_ENABLE_DEBUG_INFO = INCLUDE_SOURCE;
				MTL_FAST_MATH = YES;
				ONLY_ACTIVE_ARCH = YES;
				SDKROOT = iphoneos;
				SWIFT_ACTIVE_COMPILATION_CONDITIONS = DEBUG;
				SWIFT_OPTIMIZATION_LEVEL = "-Onone";
			};
			name = Debug;
		};
		922720D42848B4AF0027E003 /* Release */ = {
			isa = XCBuildConfiguration;
			buildSettings = {
				ALWAYS_SEARCH_USER_PATHS = NO;
				CLANG_ANALYZER_NONNULL = YES;
				CLANG_ANALYZER_NUMBER_OBJECT_CONVERSION = YES_AGGRESSIVE;
				CLANG_CXX_LANGUAGE_STANDARD = "gnu++17";
				CLANG_ENABLE_MODULES = YES;
				CLANG_ENABLE_OBJC_ARC = YES;
				CLANG_ENABLE_OBJC_WEAK = YES;
				CLANG_WARN_BLOCK_CAPTURE_AUTORELEASING = YES;
				CLANG_WARN_BOOL_CONVERSION = YES;
				CLANG_WARN_COMMA = YES;
				CLANG_WARN_CONSTANT_CONVERSION = YES;
				CLANG_WARN_DEPRECATED_OBJC_IMPLEMENTATIONS = YES;
				CLANG_WARN_DIRECT_OBJC_ISA_USAGE = YES_ERROR;
				CLANG_WARN_DOCUMENTATION_COMMENTS = YES;
				CLANG_WARN_EMPTY_BODY = YES;
				CLANG_WARN_ENUM_CONVERSION = YES;
				CLANG_WARN_INFINITE_RECURSION = YES;
				CLANG_WARN_INT_CONVERSION = YES;
				CLANG_WARN_NON_LITERAL_NULL_CONVERSION = YES;
				CLANG_WARN_OBJC_IMPLICIT_RETAIN_SELF = YES;
				CLANG_WARN_OBJC_LITERAL_CONVERSION = YES;
				CLANG_WARN_OBJC_ROOT_CLASS = YES_ERROR;
				CLANG_WARN_QUOTED_INCLUDE_IN_FRAMEWORK_HEADER = YES;
				CLANG_WARN_RANGE_LOOP_ANALYSIS = YES;
				CLANG_WARN_STRICT_PROTOTYPES = YES;
				CLANG_WARN_SUSPICIOUS_MOVE = YES;
				CLANG_WARN_UNGUARDED_AVAILABILITY = YES_AGGRESSIVE;
				CLANG_WARN_UNREACHABLE_CODE = YES;
				CLANG_WARN__DUPLICATE_METHOD_MATCH = YES;
				COPY_PHASE_STRIP = NO;
				DEBUG_INFORMATION_FORMAT = "dwarf-with-dsym";
				ENABLE_NS_ASSERTIONS = NO;
				ENABLE_STRICT_OBJC_MSGSEND = YES;
				GCC_C_LANGUAGE_STANDARD = gnu11;
				GCC_NO_COMMON_BLOCKS = YES;
				GCC_WARN_64_TO_32_BIT_CONVERSION = YES;
				GCC_WARN_ABOUT_RETURN_TYPE = YES_ERROR;
				GCC_WARN_UNDECLARED_SELECTOR = YES;
				GCC_WARN_UNINITIALIZED_AUTOS = YES_AGGRESSIVE;
				GCC_WARN_UNUSED_FUNCTION = YES;
				GCC_WARN_UNUSED_VARIABLE = YES;
				IPHONEOS_DEPLOYMENT_TARGET = 13.0;
				MTL_ENABLE_DEBUG_INFO = NO;
				MTL_FAST_MATH = YES;
				SDKROOT = iphoneos;
				SWIFT_COMPILATION_MODE = wholemodule;
				SWIFT_OPTIMIZATION_LEVEL = "-O";
				VALIDATE_PRODUCT = YES;
			};
			name = Release;
		};
		922720D62848B4AF0027E003 /* Debug */ = {
			isa = XCBuildConfiguration;
			buildSettings = {
				ASSETCATALOG_COMPILER_APPICON_NAME = AppIcon;
				ASSETCATALOG_COMPILER_GLOBAL_ACCENT_COLOR_NAME = AccentColor;
				BUILD_LIBRARY_FOR_DISTRIBUTION = NO;
				CODE_SIGN_STYLE = Automatic;
				CURRENT_PROJECT_VERSION = 1;
				DEVELOPMENT_TEAM = 2UZAVNXXC5;
				FRAMEWORK_SEARCH_PATHS = (
					"$(inherited)",
					"$(PROJECT_DIR)/Frameworks/**",
					"$(PROJECT_DIR)/Frameworks",
				);
				GENERATE_INFOPLIST_FILE = YES;
				INFOPLIST_FILE = "monstar-gallary/Info.plist";
				INFOPLIST_KEY_NSPhotoLibraryUsageDescription = "Please allow access to save photo in your photo library";
				INFOPLIST_KEY_UIApplicationSupportsIndirectInputEvents = YES;
				INFOPLIST_KEY_UILaunchStoryboardName = LaunchScreen;
				INFOPLIST_KEY_UIMainStoryboardFile = Main;
				INFOPLIST_KEY_UIStatusBarHidden = NO;
				INFOPLIST_KEY_UISupportedInterfaceOrientations = UIInterfaceOrientationPortrait;
				INFOPLIST_KEY_UISupportedInterfaceOrientations_iPad = "UIInterfaceOrientationPortrait UIInterfaceOrientationPortraitUpsideDown UIInterfaceOrientationLandscapeLeft UIInterfaceOrientationLandscapeRight";
				INFOPLIST_KEY_UISupportedInterfaceOrientations_iPhone = "UIInterfaceOrientationPortrait UIInterfaceOrientationLandscapeLeft";
				IPHONEOS_DEPLOYMENT_TARGET = 13.0;
				LD_RUNPATH_SEARCH_PATHS = (
					"$(inherited)",
					"@executable_path/Frameworks",
				);
				MARKETING_VERSION = 1.0;
				OTHER_SWIFT_FLAGS = "-DPROD";
				PRODUCT_BUNDLE_IDENTIFIER = com.monstar.sanjay.gallary;
				PRODUCT_NAME = "$(TARGET_NAME)";
				SWIFT_EMIT_LOC_STRINGS = YES;
				SWIFT_VERSION = 5.0;
				TARGETED_DEVICE_FAMILY = 1;
			};
			name = Debug;
		};
		922720D72848B4AF0027E003 /* Release */ = {
			isa = XCBuildConfiguration;
			buildSettings = {
				ASSETCATALOG_COMPILER_APPICON_NAME = AppIcon;
				ASSETCATALOG_COMPILER_GLOBAL_ACCENT_COLOR_NAME = AccentColor;
				BUILD_LIBRARY_FOR_DISTRIBUTION = NO;
				CODE_SIGN_STYLE = Automatic;
				CURRENT_PROJECT_VERSION = 1;
				DEVELOPMENT_TEAM = 2UZAVNXXC5;
				FRAMEWORK_SEARCH_PATHS = (
					"$(inherited)",
					"$(PROJECT_DIR)/Frameworks/**",
					"$(PROJECT_DIR)/Frameworks",
				);
				GENERATE_INFOPLIST_FILE = YES;
				INFOPLIST_FILE = "monstar-gallary/Info.plist";
				INFOPLIST_KEY_NSPhotoLibraryUsageDescription = "Please allow access to save photo in your photo library";
				INFOPLIST_KEY_UIApplicationSupportsIndirectInputEvents = YES;
				INFOPLIST_KEY_UILaunchStoryboardName = LaunchScreen;
				INFOPLIST_KEY_UIMainStoryboardFile = Main;
				INFOPLIST_KEY_UIStatusBarHidden = NO;
				INFOPLIST_KEY_UISupportedInterfaceOrientations = UIInterfaceOrientationPortrait;
				INFOPLIST_KEY_UISupportedInterfaceOrientations_iPad = "UIInterfaceOrientationPortrait UIInterfaceOrientationPortraitUpsideDown UIInterfaceOrientationLandscapeLeft UIInterfaceOrientationLandscapeRight";
				INFOPLIST_KEY_UISupportedInterfaceOrientations_iPhone = "UIInterfaceOrientationPortrait UIInterfaceOrientationLandscapeLeft";
				IPHONEOS_DEPLOYMENT_TARGET = 13.0;
				LD_RUNPATH_SEARCH_PATHS = (
					"$(inherited)",
					"@executable_path/Frameworks",
				);
				MARKETING_VERSION = 1.0;
				OTHER_SWIFT_FLAGS = "-DPROD";
				PRODUCT_BUNDLE_IDENTIFIER = com.monstar.sanjay.gallary;
				PRODUCT_NAME = "$(TARGET_NAME)";
				SWIFT_EMIT_LOC_STRINGS = YES;
				SWIFT_VERSION = 5.0;
				TARGETED_DEVICE_FAMILY = 1;
			};
			name = Release;
		};
		922720D92848B4AF0027E003 /* Debug */ = {
			isa = XCBuildConfiguration;
			buildSettings = {
				ALWAYS_EMBED_SWIFT_STANDARD_LIBRARIES = YES;
				BUNDLE_LOADER = "$(TEST_HOST)";
				"CODE_SIGN_IDENTITY[sdk=macosx*]" = "-";
				CODE_SIGN_STYLE = Automatic;
				CURRENT_PROJECT_VERSION = 1;
				DEVELOPMENT_TEAM = 2UZAVNXXC5;
				FRAMEWORK_SEARCH_PATHS = (
					"$(inherited)",
					"$(PROJECT_DIR)/Frameworks",
					"$(PROJECT_DIR)/Frameworks/Carthage-Frame/Carthage/Build/iOS",
					"$(PROJECT_DIR)/Frameworks/Carthage-Frame/Carthage/Build/tvOS",
				);
				GENERATE_INFOPLIST_FILE = YES;
				IPHONEOS_DEPLOYMENT_TARGET = 15.5;
				MARKETING_VERSION = 1.0;
				PRODUCT_BUNDLE_IDENTIFIER = com.monstar.sanjay..gallaryTests;
				PRODUCT_NAME = "$(TARGET_NAME)";
				SWIFT_EMIT_LOC_STRINGS = NO;
				SWIFT_VERSION = 5.0;
				TARGETED_DEVICE_FAMILY = "1,2";
				TEST_HOST = "$(BUILT_PRODUCTS_DIR)/monstar-gallary.app/monstar-gallary";
			};
			name = Debug;
		};
		922720DA2848B4AF0027E003 /* Release */ = {
			isa = XCBuildConfiguration;
			buildSettings = {
				ALWAYS_EMBED_SWIFT_STANDARD_LIBRARIES = YES;
				BUNDLE_LOADER = "$(TEST_HOST)";
				"CODE_SIGN_IDENTITY[sdk=macosx*]" = "-";
				CODE_SIGN_STYLE = Automatic;
				CURRENT_PROJECT_VERSION = 1;
				DEVELOPMENT_TEAM = 2UZAVNXXC5;
				FRAMEWORK_SEARCH_PATHS = (
					"$(inherited)",
					"$(PROJECT_DIR)/Frameworks",
					"$(PROJECT_DIR)/Frameworks/Carthage-Frame/Carthage/Build/iOS",
					"$(PROJECT_DIR)/Frameworks/Carthage-Frame/Carthage/Build/tvOS",
				);
				GENERATE_INFOPLIST_FILE = YES;
				IPHONEOS_DEPLOYMENT_TARGET = 15.5;
				MARKETING_VERSION = 1.0;
				PRODUCT_BUNDLE_IDENTIFIER = com.monstar.sanjay..gallaryTests;
				PRODUCT_NAME = "$(TARGET_NAME)";
				SWIFT_EMIT_LOC_STRINGS = NO;
				SWIFT_VERSION = 5.0;
				TARGETED_DEVICE_FAMILY = "1,2";
				TEST_HOST = "$(BUILT_PRODUCTS_DIR)/monstar-gallary.app/monstar-gallary";
			};
			name = Release;
		};
		922720DC2848B4AF0027E003 /* Debug */ = {
			isa = XCBuildConfiguration;
			buildSettings = {
				ALWAYS_EMBED_SWIFT_STANDARD_LIBRARIES = YES;
				"CODE_SIGN_IDENTITY[sdk=macosx*]" = "-";
				CODE_SIGN_STYLE = Automatic;
				CURRENT_PROJECT_VERSION = 1;
				DEVELOPMENT_TEAM = 2UZAVNXXC5;
				FRAMEWORK_SEARCH_PATHS = (
					"$(inherited)",
					"$(PROJECT_DIR)/Frameworks",
					"$(PROJECT_DIR)/Frameworks/Carthage-Frame/Carthage/Build/iOS",
					"$(PROJECT_DIR)/Frameworks/Carthage-Frame/Carthage/Build/tvOS",
				);
				GENERATE_INFOPLIST_FILE = YES;
				MARKETING_VERSION = 1.0;
				PRODUCT_BUNDLE_IDENTIFIER = com.monstar.sanjay..gallaryUITests;
				PRODUCT_NAME = "$(TARGET_NAME)";
				SWIFT_EMIT_LOC_STRINGS = NO;
				SWIFT_VERSION = 5.0;
				TARGETED_DEVICE_FAMILY = "1,2";
				TEST_TARGET_NAME = gallary;
			};
			name = Debug;
		};
		922720DD2848B4AF0027E003 /* Release */ = {
			isa = XCBuildConfiguration;
			buildSettings = {
				ALWAYS_EMBED_SWIFT_STANDARD_LIBRARIES = YES;
				"CODE_SIGN_IDENTITY[sdk=macosx*]" = "-";
				CODE_SIGN_STYLE = Automatic;
				CURRENT_PROJECT_VERSION = 1;
				DEVELOPMENT_TEAM = 2UZAVNXXC5;
				FRAMEWORK_SEARCH_PATHS = (
					"$(inherited)",
					"$(PROJECT_DIR)/Frameworks",
					"$(PROJECT_DIR)/Frameworks/Carthage-Frame/Carthage/Build/iOS",
					"$(PROJECT_DIR)/Frameworks/Carthage-Frame/Carthage/Build/tvOS",
				);
				GENERATE_INFOPLIST_FILE = YES;
				MARKETING_VERSION = 1.0;
				PRODUCT_BUNDLE_IDENTIFIER = com.monstar.sanjay..gallaryUITests;
				PRODUCT_NAME = "$(TARGET_NAME)";
				SWIFT_EMIT_LOC_STRINGS = NO;
				SWIFT_VERSION = 5.0;
				TARGETED_DEVICE_FAMILY = "1,2";
				TEST_TARGET_NAME = gallary;
			};
			name = Release;
		};
/* End XCBuildConfiguration section */

/* Begin XCConfigurationList section */
		922720A32848B4AE0027E003 /* Build configuration list for PBXProject "monstar-gallary" */ = {
			isa = XCConfigurationList;
			buildConfigurations = (
				922720D32848B4AF0027E003 /* Debug */,
				922720D42848B4AF0027E003 /* Release */,
			);
			defaultConfigurationIsVisible = 0;
			defaultConfigurationName = Release;
		};
		922720D52848B4AF0027E003 /* Build configuration list for PBXNativeTarget "Monstar Lab" */ = {
			isa = XCConfigurationList;
			buildConfigurations = (
				922720D62848B4AF0027E003 /* Debug */,
				922720D72848B4AF0027E003 /* Release */,
			);
			defaultConfigurationIsVisible = 0;
			defaultConfigurationName = Release;
		};
		922720D82848B4AF0027E003 /* Build configuration list for PBXNativeTarget "monstar-gallaryTests" */ = {
			isa = XCConfigurationList;
			buildConfigurations = (
				922720D92848B4AF0027E003 /* Debug */,
				922720DA2848B4AF0027E003 /* Release */,
			);
			defaultConfigurationIsVisible = 0;
			defaultConfigurationName = Release;
		};
		922720DB2848B4AF0027E003 /* Build configuration list for PBXNativeTarget "monstar-gallaryUITests" */ = {
			isa = XCConfigurationList;
			buildConfigurations = (
				922720DC2848B4AF0027E003 /* Debug */,
				922720DD2848B4AF0027E003 /* Release */,
			);
			defaultConfigurationIsVisible = 0;
			defaultConfigurationName = Release;
		};
/* End XCConfigurationList section */

/* Begin XCVersionGroup section */
		922720B42848B4AE0027E003 /* gallary.xcdatamodeld */ = {
			isa = XCVersionGroup;
			children = (
				922720B52848B4AE0027E003 /* gallary.xcdatamodel */,
			);
			currentVersion = 922720B52848B4AE0027E003 /* gallary.xcdatamodel */;
			path = gallary.xcdatamodeld;
			sourceTree = "<group>";
			versionGroupType = wrapper.xcdatamodel;
		};
/* End XCVersionGroup section */
	};
	rootObject = 922720A02848B4AE0027E003 /* Project object */;
}
